// !$*UTF8*$!
{
	archiveVersion = 1;
	classes = {
	};
	objectVersion = 46;
	objects = {

/* Begin PBXBuildFile section */
		94035905153D4CA600A4A2B3 /* option.h in Headers */ = {isa = PBXBuildFile; fileRef = 94035904153D4CA500A4A2B3 /* option.h */; };
		94035907153D570D00A4A2B3 /* feature.h in Headers */ = {isa = PBXBuildFile; fileRef = 94035906153D570D00A4A2B3 /* feature.h */; };
		940D820D15382870000C02B3 /* VIKitConstants.h in Headers */ = {isa = PBXBuildFile; fileRef = 940D820C15382870000C02B3 /* VIKitConstants.h */; };
		9432948E153BB53E00FC9E27 /* VINormalHandler.h in Headers */ = {isa = PBXBuildFile; fileRef = 9432948A153BB53E00FC9E27 /* VINormalHandler.h */; };
		9432948F153BB53E00FC9E27 /* VINormalHandler.m in Sources */ = {isa = PBXBuildFile; fileRef = 9432948B153BB53E00FC9E27 /* VINormalHandler.m */; };
		94329493153BB58100FC9E27 /* VIEventHandler.m in Sources */ = {isa = PBXBuildFile; fileRef = 94329491153BB58100FC9E27 /* VIEventHandler.m */; };
		94329497153BB5BC00FC9E27 /* VIEventHandler.h in Headers */ = {isa = PBXBuildFile; fileRef = 94329496153BB5BC00FC9E27 /* VIEventHandler.h */; };
		9432949F153BBFC600FC9E27 /* NSEvent+Keymap.h in Headers */ = {isa = PBXBuildFile; fileRef = 9432949D153BBFC500FC9E27 /* NSEvent+Keymap.h */; };
		943294A0153BBFC600FC9E27 /* NSEvent+Keymap.m in Sources */ = {isa = PBXBuildFile; fileRef = 9432949E153BBFC500FC9E27 /* NSEvent+Keymap.m */; };
		943294A3153BC1D100FC9E27 /* VITextView.h in Headers */ = {isa = PBXBuildFile; fileRef = 943294A1153BC1D000FC9E27 /* VITextView.h */; settings = {ATTRIBUTES = (Public, ); }; };
		943294A4153BC1D100FC9E27 /* VITextView.m in Sources */ = {isa = PBXBuildFile; fileRef = 943294A2153BC1D000FC9E27 /* VITextView.m */; };
		9435E94215284BEC00453194 /* IDESwizzleApplication.m in Sources */ = {isa = PBXBuildFile; fileRef = 9435E94115284BEC00453194 /* IDESwizzleApplication.m */; };
		943FCE3D1526C31D00A3EEE4 /* Cocoa.framework in Frameworks */ = {isa = PBXBuildFile; fileRef = 943FCE3C1526C31D00A3EEE4 /* Cocoa.framework */; };
		943FCE471526C31D00A3EEE4 /* InfoPlist.strings in Resources */ = {isa = PBXBuildFile; fileRef = 943FCE451526C31D00A3EEE4 /* InfoPlist.strings */; };
		944134E1152BF7EB0007CF45 /* VISettingsManager.m in Sources */ = {isa = PBXBuildFile; fileRef = 944134E0152BF7EB0007CF45 /* VISettingsManager.m */; };
		944521DD15305AB1007B18B5 /* NSEvent+Keymap.m in Sources */ = {isa = PBXBuildFile; fileRef = 944521D815305AB1007B18B5 /* NSEvent+Keymap.m */; };
		944521DE15305AB1007B18B5 /* NSTextView+Actions.m in Sources */ = {isa = PBXBuildFile; fileRef = 944521DA15305AB1007B18B5 /* NSTextView+Actions.m */; };
		944521DF15305AB1007B18B5 /* NSView+Subviews.m in Sources */ = {isa = PBXBuildFile; fileRef = 944521DC15305AB1007B18B5 /* NSView+Subviews.m */; };
		944521E315305B3D007B18B5 /* VIEventProcessor.m in Sources */ = {isa = PBXBuildFile; fileRef = 944521E215305B3D007B18B5 /* VIEventProcessor.m */; };
		944521F415308525007B18B5 /* VICommandView.m in Sources */ = {isa = PBXBuildFile; fileRef = 944521F315308525007B18B5 /* VICommandView.m */; };
		94661F53153D044D00AB2F3B /* blowfish.pro in Resources */ = {isa = PBXBuildFile; fileRef = 94661F00153D044C00AB2F3B /* blowfish.pro */; };
		94661F54153D044D00AB2F3B /* buffer.pro in Resources */ = {isa = PBXBuildFile; fileRef = 94661F01153D044C00AB2F3B /* buffer.pro */; };
		94661F55153D044D00AB2F3B /* charset.pro in Resources */ = {isa = PBXBuildFile; fileRef = 94661F02153D044C00AB2F3B /* charset.pro */; };
		94661F56153D044D00AB2F3B /* diff.pro in Resources */ = {isa = PBXBuildFile; fileRef = 94661F03153D044C00AB2F3B /* diff.pro */; };
		94661F57153D044D00AB2F3B /* digraph.pro in Resources */ = {isa = PBXBuildFile; fileRef = 94661F04153D044C00AB2F3B /* digraph.pro */; };
		94661F58153D044D00AB2F3B /* edit.pro in Resources */ = {isa = PBXBuildFile; fileRef = 94661F05153D044C00AB2F3B /* edit.pro */; };
		94661F59153D044D00AB2F3B /* eval.pro in Resources */ = {isa = PBXBuildFile; fileRef = 94661F06153D044C00AB2F3B /* eval.pro */; };
		94661F5A153D044D00AB2F3B /* ex_cmds.pro in Resources */ = {isa = PBXBuildFile; fileRef = 94661F07153D044C00AB2F3B /* ex_cmds.pro */; };
		94661F5B153D044D00AB2F3B /* ex_cmds2.pro in Resources */ = {isa = PBXBuildFile; fileRef = 94661F08153D044C00AB2F3B /* ex_cmds2.pro */; };
		94661F5C153D044D00AB2F3B /* ex_docmd.pro in Resources */ = {isa = PBXBuildFile; fileRef = 94661F09153D044C00AB2F3B /* ex_docmd.pro */; };
		94661F5D153D044D00AB2F3B /* ex_eval.pro in Resources */ = {isa = PBXBuildFile; fileRef = 94661F0A153D044C00AB2F3B /* ex_eval.pro */; };
		94661F5E153D044D00AB2F3B /* ex_getln.pro in Resources */ = {isa = PBXBuildFile; fileRef = 94661F0B153D044C00AB2F3B /* ex_getln.pro */; };
		94661F5F153D044D00AB2F3B /* fileio.pro in Resources */ = {isa = PBXBuildFile; fileRef = 94661F0C153D044C00AB2F3B /* fileio.pro */; };
		94661F60153D044D00AB2F3B /* fold.pro in Resources */ = {isa = PBXBuildFile; fileRef = 94661F0D153D044C00AB2F3B /* fold.pro */; };
		94661F61153D044D00AB2F3B /* getchar.pro in Resources */ = {isa = PBXBuildFile; fileRef = 94661F0E153D044C00AB2F3B /* getchar.pro */; };
		94661F62153D044D00AB2F3B /* gui.pro in Resources */ = {isa = PBXBuildFile; fileRef = 94661F0F153D044C00AB2F3B /* gui.pro */; };
		94661F63153D044D00AB2F3B /* gui_athena.pro in Resources */ = {isa = PBXBuildFile; fileRef = 94661F10153D044C00AB2F3B /* gui_athena.pro */; };
		94661F64153D044D00AB2F3B /* gui_beval.pro in Resources */ = {isa = PBXBuildFile; fileRef = 94661F11153D044C00AB2F3B /* gui_beval.pro */; };
		94661F65153D044D00AB2F3B /* gui_gtk.pro in Resources */ = {isa = PBXBuildFile; fileRef = 94661F12153D044C00AB2F3B /* gui_gtk.pro */; };
		94661F66153D044D00AB2F3B /* gui_gtk_x11.pro in Resources */ = {isa = PBXBuildFile; fileRef = 94661F13153D044C00AB2F3B /* gui_gtk_x11.pro */; };
		94661F67153D044D00AB2F3B /* gui_mac.pro in Resources */ = {isa = PBXBuildFile; fileRef = 94661F14153D044C00AB2F3B /* gui_mac.pro */; };
		94661F68153D044D00AB2F3B /* gui_motif.pro in Resources */ = {isa = PBXBuildFile; fileRef = 94661F15153D044C00AB2F3B /* gui_motif.pro */; };
		94661F69153D044D00AB2F3B /* gui_photon.pro in Resources */ = {isa = PBXBuildFile; fileRef = 94661F16153D044C00AB2F3B /* gui_photon.pro */; };
		94661F6A153D044D00AB2F3B /* gui_riscos.pro in Resources */ = {isa = PBXBuildFile; fileRef = 94661F17153D044C00AB2F3B /* gui_riscos.pro */; };
		94661F6B153D044D00AB2F3B /* gui_w16.pro in Resources */ = {isa = PBXBuildFile; fileRef = 94661F18153D044C00AB2F3B /* gui_w16.pro */; };
		94661F6C153D044D00AB2F3B /* gui_w32.pro in Resources */ = {isa = PBXBuildFile; fileRef = 94661F19153D044C00AB2F3B /* gui_w32.pro */; };
		94661F6D153D044D00AB2F3B /* gui_x11.pro in Resources */ = {isa = PBXBuildFile; fileRef = 94661F1A153D044C00AB2F3B /* gui_x11.pro */; };
		94661F6E153D044D00AB2F3B /* gui_xmdlg.pro in Resources */ = {isa = PBXBuildFile; fileRef = 94661F1B153D044C00AB2F3B /* gui_xmdlg.pro */; };
		94661F6F153D044D00AB2F3B /* hangulin.pro in Resources */ = {isa = PBXBuildFile; fileRef = 94661F1C153D044C00AB2F3B /* hangulin.pro */; };
		94661F70153D044D00AB2F3B /* hardcopy.pro in Resources */ = {isa = PBXBuildFile; fileRef = 94661F1D153D044C00AB2F3B /* hardcopy.pro */; };
		94661F71153D044D00AB2F3B /* hashtab.pro in Resources */ = {isa = PBXBuildFile; fileRef = 94661F1E153D044C00AB2F3B /* hashtab.pro */; };
		94661F72153D044D00AB2F3B /* if_cscope.pro in Resources */ = {isa = PBXBuildFile; fileRef = 94661F1F153D044D00AB2F3B /* if_cscope.pro */; };
		94661F73153D044D00AB2F3B /* if_lua.pro in Resources */ = {isa = PBXBuildFile; fileRef = 94661F20153D044D00AB2F3B /* if_lua.pro */; };
		94661F74153D044D00AB2F3B /* if_mzsch.pro in Resources */ = {isa = PBXBuildFile; fileRef = 94661F21153D044D00AB2F3B /* if_mzsch.pro */; };
		94661F75153D044D00AB2F3B /* if_ole.pro in Resources */ = {isa = PBXBuildFile; fileRef = 94661F22153D044D00AB2F3B /* if_ole.pro */; };
		94661F76153D044D00AB2F3B /* if_perl.pro in Resources */ = {isa = PBXBuildFile; fileRef = 94661F23153D044D00AB2F3B /* if_perl.pro */; };
		94661F77153D044D00AB2F3B /* if_perlsfio.pro in Resources */ = {isa = PBXBuildFile; fileRef = 94661F24153D044D00AB2F3B /* if_perlsfio.pro */; };
		94661F78153D044D00AB2F3B /* if_python.pro in Resources */ = {isa = PBXBuildFile; fileRef = 94661F25153D044D00AB2F3B /* if_python.pro */; };
		94661F79153D044D00AB2F3B /* if_python3.pro in Resources */ = {isa = PBXBuildFile; fileRef = 94661F26153D044D00AB2F3B /* if_python3.pro */; };
		94661F7A153D044D00AB2F3B /* if_ruby.pro in Resources */ = {isa = PBXBuildFile; fileRef = 94661F27153D044D00AB2F3B /* if_ruby.pro */; };
		94661F7B153D044D00AB2F3B /* if_tcl.pro in Resources */ = {isa = PBXBuildFile; fileRef = 94661F28153D044D00AB2F3B /* if_tcl.pro */; };
		94661F7C153D044D00AB2F3B /* if_xcmdsrv.pro in Resources */ = {isa = PBXBuildFile; fileRef = 94661F29153D044D00AB2F3B /* if_xcmdsrv.pro */; };
		94661F7D153D044D00AB2F3B /* main.pro in Resources */ = {isa = PBXBuildFile; fileRef = 94661F2A153D044D00AB2F3B /* main.pro */; };
		94661F7E153D044D00AB2F3B /* mark.pro in Resources */ = {isa = PBXBuildFile; fileRef = 94661F2B153D044D00AB2F3B /* mark.pro */; };
		94661F7F153D044D00AB2F3B /* mbyte.pro in Resources */ = {isa = PBXBuildFile; fileRef = 94661F2C153D044D00AB2F3B /* mbyte.pro */; };
		94661F80153D044D00AB2F3B /* memfile.pro in Resources */ = {isa = PBXBuildFile; fileRef = 94661F2D153D044D00AB2F3B /* memfile.pro */; };
		94661F81153D044D00AB2F3B /* memline.pro in Resources */ = {isa = PBXBuildFile; fileRef = 94661F2E153D044D00AB2F3B /* memline.pro */; };
		94661F82153D044D00AB2F3B /* menu.pro in Resources */ = {isa = PBXBuildFile; fileRef = 94661F2F153D044D00AB2F3B /* menu.pro */; };
		94661F83153D044D00AB2F3B /* message.pro in Resources */ = {isa = PBXBuildFile; fileRef = 94661F30153D044D00AB2F3B /* message.pro */; };
		94661F84153D044D00AB2F3B /* misc1.pro in Resources */ = {isa = PBXBuildFile; fileRef = 94661F31153D044D00AB2F3B /* misc1.pro */; };
		94661F85153D044D00AB2F3B /* misc2.pro in Resources */ = {isa = PBXBuildFile; fileRef = 94661F32153D044D00AB2F3B /* misc2.pro */; };
		94661F86153D044D00AB2F3B /* move.pro in Resources */ = {isa = PBXBuildFile; fileRef = 94661F33153D044D00AB2F3B /* move.pro */; };
		94661F87153D044D00AB2F3B /* netbeans.pro in Resources */ = {isa = PBXBuildFile; fileRef = 94661F34153D044D00AB2F3B /* netbeans.pro */; };
		94661F88153D044D00AB2F3B /* normal.pro in Resources */ = {isa = PBXBuildFile; fileRef = 94661F35153D044D00AB2F3B /* normal.pro */; };
		94661F89153D044D00AB2F3B /* ops.pro in Resources */ = {isa = PBXBuildFile; fileRef = 94661F36153D044D00AB2F3B /* ops.pro */; };
		94661F8A153D044D00AB2F3B /* option.pro in Resources */ = {isa = PBXBuildFile; fileRef = 94661F37153D044D00AB2F3B /* option.pro */; };
		94661F8B153D044D00AB2F3B /* os_amiga.pro in Resources */ = {isa = PBXBuildFile; fileRef = 94661F38153D044D00AB2F3B /* os_amiga.pro */; };
		94661F8C153D044D00AB2F3B /* os_mac_conv.pro in Resources */ = {isa = PBXBuildFile; fileRef = 94661F39153D044D00AB2F3B /* os_mac_conv.pro */; };
		94661F8D153D044D00AB2F3B /* os_msdos.pro in Resources */ = {isa = PBXBuildFile; fileRef = 94661F3A153D044D00AB2F3B /* os_msdos.pro */; };
		94661F8E153D044D00AB2F3B /* os_mswin.pro in Resources */ = {isa = PBXBuildFile; fileRef = 94661F3B153D044D00AB2F3B /* os_mswin.pro */; };
		94661F8F153D044D00AB2F3B /* os_qnx.pro in Resources */ = {isa = PBXBuildFile; fileRef = 94661F3C153D044D00AB2F3B /* os_qnx.pro */; };
		94661F90153D044D00AB2F3B /* os_riscos.pro in Resources */ = {isa = PBXBuildFile; fileRef = 94661F3D153D044D00AB2F3B /* os_riscos.pro */; };
		94661F91153D044D00AB2F3B /* os_unix.pro in Resources */ = {isa = PBXBuildFile; fileRef = 94661F3E153D044D00AB2F3B /* os_unix.pro */; };
		94661F92153D044D00AB2F3B /* os_vms.pro in Resources */ = {isa = PBXBuildFile; fileRef = 94661F3F153D044D00AB2F3B /* os_vms.pro */; };
		94661F93153D044D00AB2F3B /* os_win16.pro in Resources */ = {isa = PBXBuildFile; fileRef = 94661F40153D044D00AB2F3B /* os_win16.pro */; };
		94661F94153D044D00AB2F3B /* os_win32.pro in Resources */ = {isa = PBXBuildFile; fileRef = 94661F41153D044D00AB2F3B /* os_win32.pro */; };
		94661F95153D044D00AB2F3B /* popupmnu.pro in Resources */ = {isa = PBXBuildFile; fileRef = 94661F42153D044D00AB2F3B /* popupmnu.pro */; };
		94661F96153D044D00AB2F3B /* pty.pro in Resources */ = {isa = PBXBuildFile; fileRef = 94661F43153D044D00AB2F3B /* pty.pro */; };
		94661F97153D044D00AB2F3B /* quickfix.pro in Resources */ = {isa = PBXBuildFile; fileRef = 94661F44153D044D00AB2F3B /* quickfix.pro */; };
		94661F98153D044D00AB2F3B /* regexp.pro in Resources */ = {isa = PBXBuildFile; fileRef = 94661F45153D044D00AB2F3B /* regexp.pro */; };
		94661F99153D044D00AB2F3B /* screen.pro in Resources */ = {isa = PBXBuildFile; fileRef = 94661F46153D044D00AB2F3B /* screen.pro */; };
		94661F9A153D044D00AB2F3B /* search.pro in Resources */ = {isa = PBXBuildFile; fileRef = 94661F47153D044D00AB2F3B /* search.pro */; };
		94661F9B153D044D00AB2F3B /* sha256.pro in Resources */ = {isa = PBXBuildFile; fileRef = 94661F48153D044D00AB2F3B /* sha256.pro */; };
		94661F9C153D044D00AB2F3B /* spell.pro in Resources */ = {isa = PBXBuildFile; fileRef = 94661F49153D044D00AB2F3B /* spell.pro */; };
		94661F9D153D044D00AB2F3B /* syntax.pro in Resources */ = {isa = PBXBuildFile; fileRef = 94661F4A153D044D00AB2F3B /* syntax.pro */; };
		94661F9E153D044D00AB2F3B /* tag.pro in Resources */ = {isa = PBXBuildFile; fileRef = 94661F4B153D044D00AB2F3B /* tag.pro */; };
		94661F9F153D044D00AB2F3B /* term.pro in Resources */ = {isa = PBXBuildFile; fileRef = 94661F4C153D044D00AB2F3B /* term.pro */; };
		94661FA0153D044D00AB2F3B /* termlib.pro in Resources */ = {isa = PBXBuildFile; fileRef = 94661F4D153D044D00AB2F3B /* termlib.pro */; };
		94661FA1153D044D00AB2F3B /* ui.pro in Resources */ = {isa = PBXBuildFile; fileRef = 94661F4E153D044D00AB2F3B /* ui.pro */; };
		94661FA2153D044D00AB2F3B /* undo.pro in Resources */ = {isa = PBXBuildFile; fileRef = 94661F4F153D044D00AB2F3B /* undo.pro */; };
		94661FA3153D044D00AB2F3B /* version.pro in Resources */ = {isa = PBXBuildFile; fileRef = 94661F50153D044D00AB2F3B /* version.pro */; };
		94661FA4153D044D00AB2F3B /* window.pro in Resources */ = {isa = PBXBuildFile; fileRef = 94661F51153D044D00AB2F3B /* window.pro */; };
		94661FA5153D044D00AB2F3B /* workshop.pro in Resources */ = {isa = PBXBuildFile; fileRef = 94661F52153D044D00AB2F3B /* workshop.pro */; };
		94691BC21528841000A913FD /* README.md in Resources */ = {isa = PBXBuildFile; fileRef = 94691BC11528841000A913FD /* README.md */; };
		9494850F1532D06200F90E31 /* NSString+Category.m in Sources */ = {isa = PBXBuildFile; fileRef = 9494850E1532D06200F90E31 /* NSString+Category.m */; };
		9498927C1535E1A50070114B /* CocoaBridge.m in Sources */ = {isa = PBXBuildFile; fileRef = 9498927B1535E1A50070114B /* CocoaBridge.m */; };
		94A0713D1537FEC500187644 /* Cocoa.framework in Frameworks */ = {isa = PBXBuildFile; fileRef = 943FCE3C1526C31D00A3EEE4 /* Cocoa.framework */; };
		94A071441537FEC500187644 /* InfoPlist.strings in Resources */ = {isa = PBXBuildFile; fileRef = 94A071421537FEC500187644 /* InfoPlist.strings */; };
		94A071531537FEE100187644 /* Cocoa.framework in Frameworks */ = {isa = PBXBuildFile; fileRef = 943FCE3C1526C31D00A3EEE4 /* Cocoa.framework */; };
		94A071591537FEE100187644 /* InfoPlist.strings in Resources */ = {isa = PBXBuildFile; fileRef = 94A071571537FEE100187644 /* InfoPlist.strings */; };
		94A0715B1537FEE100187644 /* main.m in Sources */ = {isa = PBXBuildFile; fileRef = 94A0715A1537FEE100187644 /* main.m */; };
		94A0715F1537FEE100187644 /* Credits.rtf in Resources */ = {isa = PBXBuildFile; fileRef = 94A0715D1537FEE100187644 /* Credits.rtf */; };
		94A071651537FEE100187644 /* MainMenu.xib in Resources */ = {isa = PBXBuildFile; fileRef = 94A071631537FEE100187644 /* MainMenu.xib */; };
		94A0716C1537FF6500187644 /* AppDelegate.m in Sources */ = {isa = PBXBuildFile; fileRef = 94A0716B1537FF6500187644 /* AppDelegate.m */; };
		94A071751538013700187644 /* VIKit.h in Headers */ = {isa = PBXBuildFile; fileRef = 94A0716E1538013700187644 /* VIKit.h */; settings = {ATTRIBUTES = (Public, ); }; };
		94A071771538013700187644 /* ascii.h in Headers */ = {isa = PBXBuildFile; fileRef = 94A071711538013700187644 /* ascii.h */; settings = {ATTRIBUTES = (); }; };
		94A071781538013700187644 /* globals.h in Headers */ = {isa = PBXBuildFile; fileRef = 94A071721538013700187644 /* globals.h */; settings = {ATTRIBUTES = (); }; };
		94A071791538013700187644 /* structs.h in Headers */ = {isa = PBXBuildFile; fileRef = 94A071731538013700187644 /* structs.h */; settings = {ATTRIBUTES = (); }; };
		94A0717A1538013700187644 /* vim.h in Headers */ = {isa = PBXBuildFile; fileRef = 94A071741538013700187644 /* vim.h */; settings = {ATTRIBUTES = (); }; };
		94A0717F153803B600187644 /* VICommandView.h in Headers */ = {isa = PBXBuildFile; fileRef = 94A0717D153803B600187644 /* VICommandView.h */; settings = {ATTRIBUTES = (Public, ); }; };
		94A07180153803B600187644 /* VICommandView.m in Sources */ = {isa = PBXBuildFile; fileRef = 94A0717E153803B600187644 /* VICommandView.m */; };
		94A07185153808DE00187644 /* VIEventProcessor.h in Headers */ = {isa = PBXBuildFile; fileRef = 94A07183153808DE00187644 /* VIEventProcessor.h */; settings = {ATTRIBUTES = (Public, ); }; };
		94A07186153808DE00187644 /* VIEventProcessor.m in Sources */ = {isa = PBXBuildFile; fileRef = 94A07184153808DE00187644 /* VIEventProcessor.m */; };
		94A0718B15380F0B00187644 /* keymap.h in Headers */ = {isa = PBXBuildFile; fileRef = 94A0718A15380F0B00187644 /* keymap.h */; };
		94A0718D15380F2300187644 /* macros.h in Headers */ = {isa = PBXBuildFile; fileRef = 94A0718C15380F2300187644 /* macros.h */; };
		94A07198153816E400187644 /* VIKit.framework in Frameworks */ = {isa = PBXBuildFile; fileRef = 94A0713C1537FEC400187644 /* VIKit.framework */; };
		94A64600152848CA0050A1C9 /* QuartzCore.framework in Frameworks */ = {isa = PBXBuildFile; fileRef = 94A645FF152848CA0050A1C9 /* QuartzCore.framework */; };
		94C0F4971529864F006E5094 /* NSString-RuntimeReporting.m in Sources */ = {isa = PBXBuildFile; fileRef = 94C0F4941529864F006E5094 /* NSString-RuntimeReporting.m */; };
		94C0F4981529864F006E5094 /* RuntimeReporter.m in Sources */ = {isa = PBXBuildFile; fileRef = 94C0F4961529864F006E5094 /* RuntimeReporter.m */; };
		94CA5CE01528178A00BA2361 /* DVTSwizzleSourceTextView.m in Sources */ = {isa = PBXBuildFile; fileRef = 94CA5CDE1528178A00BA2361 /* DVTSwizzleSourceTextView.m */; };
		94F004A71528186B00689C5E /* VIPlugin.m in Sources */ = {isa = PBXBuildFile; fileRef = 94F004A61528186B00689C5E /* VIPlugin.m */; };
		94F5586F152C2145008044AF /* MehodHook.m in Sources */ = {isa = PBXBuildFile; fileRef = 94F5586E152C2145008044AF /* MehodHook.m */; };
		94FF30EC1535705700C18A5C /* VIOperator.m in Sources */ = {isa = PBXBuildFile; fileRef = 94FF30EB1535705700C18A5C /* VIOperator.m */; };
/* End PBXBuildFile section */

/* Begin PBXContainerItemProxy section */
		94A0717B1538035800187644 /* PBXContainerItemProxy */ = {
			isa = PBXContainerItemProxy;
			containerPortal = 943FCE301526C31C00A3EEE4 /* Project object */;
			proxyType = 1;
			remoteGlobalIDString = 94A0713B1537FEC400187644;
			remoteInfo = VIKit;
		};
/* End PBXContainerItemProxy section */

/* Begin PBXFileReference section */
		94035904153D4CA500A4A2B3 /* option.h */ = {isa = PBXFileReference; fileEncoding = 4; lastKnownFileType = sourcecode.c.h; path = option.h; sourceTree = "<group>"; };
		94035906153D570D00A4A2B3 /* feature.h */ = {isa = PBXFileReference; fileEncoding = 4; lastKnownFileType = sourcecode.c.h; path = feature.h; sourceTree = "<group>"; };
		940D820C15382870000C02B3 /* VIKitConstants.h */ = {isa = PBXFileReference; fileEncoding = 4; lastKnownFileType = sourcecode.c.h; path = VIKitConstants.h; sourceTree = "<group>"; };
		9432948A153BB53E00FC9E27 /* VINormalHandler.h */ = {isa = PBXFileReference; fileEncoding = 4; lastKnownFileType = sourcecode.c.h; path = VINormalHandler.h; sourceTree = "<group>"; };
		9432948B153BB53E00FC9E27 /* VINormalHandler.m */ = {isa = PBXFileReference; fileEncoding = 4; lastKnownFileType = sourcecode.c.objc; path = VINormalHandler.m; sourceTree = "<group>"; };
		94329491153BB58100FC9E27 /* VIEventHandler.m */ = {isa = PBXFileReference; fileEncoding = 4; lastKnownFileType = sourcecode.c.objc; path = VIEventHandler.m; sourceTree = "<group>"; };
		94329496153BB5BC00FC9E27 /* VIEventHandler.h */ = {isa = PBXFileReference; fileEncoding = 4; lastKnownFileType = sourcecode.c.h; path = VIEventHandler.h; sourceTree = "<group>"; };
		9432949D153BBFC500FC9E27 /* NSEvent+Keymap.h */ = {isa = PBXFileReference; fileEncoding = 4; lastKnownFileType = sourcecode.c.h; path = "NSEvent+Keymap.h"; sourceTree = "<group>"; };
		9432949E153BBFC500FC9E27 /* NSEvent+Keymap.m */ = {isa = PBXFileReference; fileEncoding = 4; lastKnownFileType = sourcecode.c.objc; path = "NSEvent+Keymap.m"; sourceTree = "<group>"; };
		943294A1153BC1D000FC9E27 /* VITextView.h */ = {isa = PBXFileReference; fileEncoding = 4; lastKnownFileType = sourcecode.c.h; path = VITextView.h; sourceTree = "<group>"; };
		943294A2153BC1D000FC9E27 /* VITextView.m */ = {isa = PBXFileReference; fileEncoding = 4; lastKnownFileType = sourcecode.c.objc; path = VITextView.m; sourceTree = "<group>"; };
		9435E94015284BEC00453194 /* IDESwizzleApplication.h */ = {isa = PBXFileReference; fileEncoding = 4; lastKnownFileType = sourcecode.c.h; path = IDESwizzleApplication.h; sourceTree = "<group>"; };
		9435E94115284BEC00453194 /* IDESwizzleApplication.m */ = {isa = PBXFileReference; fileEncoding = 4; lastKnownFileType = sourcecode.c.objc; path = IDESwizzleApplication.m; sourceTree = "<group>"; };
		943FCE391526C31D00A3EEE4 /* VIXcode.xcplugin */ = {isa = PBXFileReference; explicitFileType = wrapper.cfbundle; includeInIndex = 0; path = VIXcode.xcplugin; sourceTree = BUILT_PRODUCTS_DIR; };
		943FCE3C1526C31D00A3EEE4 /* Cocoa.framework */ = {isa = PBXFileReference; lastKnownFileType = wrapper.framework; name = Cocoa.framework; path = System/Library/Frameworks/Cocoa.framework; sourceTree = SDKROOT; };
		943FCE3F1526C31D00A3EEE4 /* AppKit.framework */ = {isa = PBXFileReference; lastKnownFileType = wrapper.framework; name = AppKit.framework; path = System/Library/Frameworks/AppKit.framework; sourceTree = SDKROOT; };
		943FCE411526C31D00A3EEE4 /* Foundation.framework */ = {isa = PBXFileReference; lastKnownFileType = wrapper.framework; name = Foundation.framework; path = System/Library/Frameworks/Foundation.framework; sourceTree = SDKROOT; };
		943FCE441526C31D00A3EEE4 /* VIXcode-Info.plist */ = {isa = PBXFileReference; lastKnownFileType = text.plist.xml; path = "VIXcode-Info.plist"; sourceTree = "<group>"; };
		943FCE461526C31D00A3EEE4 /* en */ = {isa = PBXFileReference; lastKnownFileType = text.plist.strings; name = en; path = en.lproj/InfoPlist.strings; sourceTree = "<group>"; };
		943FCE481526C31D00A3EEE4 /* VIXcode-Prefix.pch */ = {isa = PBXFileReference; lastKnownFileType = sourcecode.c.h; path = "VIXcode-Prefix.pch"; sourceTree = "<group>"; };
		944134DF152BF7EB0007CF45 /* VISettingsManager.h */ = {isa = PBXFileReference; fileEncoding = 4; lastKnownFileType = sourcecode.c.h; path = VISettingsManager.h; sourceTree = "<group>"; };
		944134E0152BF7EB0007CF45 /* VISettingsManager.m */ = {isa = PBXFileReference; fileEncoding = 4; lastKnownFileType = sourcecode.c.objc; path = VISettingsManager.m; sourceTree = "<group>"; };
		944521D715305AB1007B18B5 /* NSEvent+Keymap.h */ = {isa = PBXFileReference; fileEncoding = 4; lastKnownFileType = sourcecode.c.h; path = "NSEvent+Keymap.h"; sourceTree = "<group>"; };
		944521D815305AB1007B18B5 /* NSEvent+Keymap.m */ = {isa = PBXFileReference; fileEncoding = 4; lastKnownFileType = sourcecode.c.objc; path = "NSEvent+Keymap.m"; sourceTree = "<group>"; };
		944521D915305AB1007B18B5 /* NSTextView+Actions.h */ = {isa = PBXFileReference; fileEncoding = 4; lastKnownFileType = sourcecode.c.h; path = "NSTextView+Actions.h"; sourceTree = "<group>"; };
		944521DA15305AB1007B18B5 /* NSTextView+Actions.m */ = {isa = PBXFileReference; fileEncoding = 4; lastKnownFileType = sourcecode.c.objc; path = "NSTextView+Actions.m"; sourceTree = "<group>"; };
		944521DB15305AB1007B18B5 /* NSView+Subviews.h */ = {isa = PBXFileReference; fileEncoding = 4; lastKnownFileType = sourcecode.c.h; path = "NSView+Subviews.h"; sourceTree = "<group>"; };
		944521DC15305AB1007B18B5 /* NSView+Subviews.m */ = {isa = PBXFileReference; fileEncoding = 4; lastKnownFileType = sourcecode.c.objc; path = "NSView+Subviews.m"; sourceTree = "<group>"; };
		944521E115305B3D007B18B5 /* VIEventProcessor.h */ = {isa = PBXFileReference; fileEncoding = 4; lastKnownFileType = sourcecode.c.h; path = VIEventProcessor.h; sourceTree = "<group>"; };
		944521E215305B3D007B18B5 /* VIEventProcessor.m */ = {isa = PBXFileReference; fileEncoding = 4; lastKnownFileType = sourcecode.c.objc; path = VIEventProcessor.m; sourceTree = "<group>"; };
		944521F215308525007B18B5 /* VICommandView.h */ = {isa = PBXFileReference; fileEncoding = 4; lastKnownFileType = sourcecode.c.h; path = VICommandView.h; sourceTree = "<group>"; };
		944521F315308525007B18B5 /* VICommandView.m */ = {isa = PBXFileReference; fileEncoding = 4; lastKnownFileType = sourcecode.c.objc; path = VICommandView.m; sourceTree = "<group>"; };
		94661F00153D044C00AB2F3B /* blowfish.pro */ = {isa = PBXFileReference; fileEncoding = 4; lastKnownFileType = text; path = blowfish.pro; sourceTree = "<group>"; };
		94661F01153D044C00AB2F3B /* buffer.pro */ = {isa = PBXFileReference; fileEncoding = 4; lastKnownFileType = text; path = buffer.pro; sourceTree = "<group>"; };
		94661F02153D044C00AB2F3B /* charset.pro */ = {isa = PBXFileReference; fileEncoding = 4; lastKnownFileType = text; path = charset.pro; sourceTree = "<group>"; };
		94661F03153D044C00AB2F3B /* diff.pro */ = {isa = PBXFileReference; fileEncoding = 4; lastKnownFileType = text; path = diff.pro; sourceTree = "<group>"; };
		94661F04153D044C00AB2F3B /* digraph.pro */ = {isa = PBXFileReference; fileEncoding = 4; lastKnownFileType = text; path = digraph.pro; sourceTree = "<group>"; };
		94661F05153D044C00AB2F3B /* edit.pro */ = {isa = PBXFileReference; fileEncoding = 4; lastKnownFileType = text; path = edit.pro; sourceTree = "<group>"; };
		94661F06153D044C00AB2F3B /* eval.pro */ = {isa = PBXFileReference; fileEncoding = 4; lastKnownFileType = text; path = eval.pro; sourceTree = "<group>"; };
		94661F07153D044C00AB2F3B /* ex_cmds.pro */ = {isa = PBXFileReference; fileEncoding = 4; lastKnownFileType = text; path = ex_cmds.pro; sourceTree = "<group>"; };
		94661F08153D044C00AB2F3B /* ex_cmds2.pro */ = {isa = PBXFileReference; fileEncoding = 4; lastKnownFileType = text; path = ex_cmds2.pro; sourceTree = "<group>"; };
		94661F09153D044C00AB2F3B /* ex_docmd.pro */ = {isa = PBXFileReference; fileEncoding = 4; lastKnownFileType = text; path = ex_docmd.pro; sourceTree = "<group>"; };
		94661F0A153D044C00AB2F3B /* ex_eval.pro */ = {isa = PBXFileReference; fileEncoding = 4; lastKnownFileType = text; path = ex_eval.pro; sourceTree = "<group>"; };
		94661F0B153D044C00AB2F3B /* ex_getln.pro */ = {isa = PBXFileReference; fileEncoding = 4; lastKnownFileType = text; path = ex_getln.pro; sourceTree = "<group>"; };
		94661F0C153D044C00AB2F3B /* fileio.pro */ = {isa = PBXFileReference; fileEncoding = 4; lastKnownFileType = text; path = fileio.pro; sourceTree = "<group>"; };
		94661F0D153D044C00AB2F3B /* fold.pro */ = {isa = PBXFileReference; fileEncoding = 4; lastKnownFileType = text; path = fold.pro; sourceTree = "<group>"; };
		94661F0E153D044C00AB2F3B /* getchar.pro */ = {isa = PBXFileReference; fileEncoding = 4; lastKnownFileType = text; path = getchar.pro; sourceTree = "<group>"; };
		94661F0F153D044C00AB2F3B /* gui.pro */ = {isa = PBXFileReference; fileEncoding = 4; lastKnownFileType = text; path = gui.pro; sourceTree = "<group>"; };
		94661F10153D044C00AB2F3B /* gui_athena.pro */ = {isa = PBXFileReference; fileEncoding = 4; lastKnownFileType = text; path = gui_athena.pro; sourceTree = "<group>"; };
		94661F11153D044C00AB2F3B /* gui_beval.pro */ = {isa = PBXFileReference; fileEncoding = 4; lastKnownFileType = text; path = gui_beval.pro; sourceTree = "<group>"; };
		94661F12153D044C00AB2F3B /* gui_gtk.pro */ = {isa = PBXFileReference; fileEncoding = 4; lastKnownFileType = text; path = gui_gtk.pro; sourceTree = "<group>"; };
		94661F13153D044C00AB2F3B /* gui_gtk_x11.pro */ = {isa = PBXFileReference; fileEncoding = 4; lastKnownFileType = text; path = gui_gtk_x11.pro; sourceTree = "<group>"; };
		94661F14153D044C00AB2F3B /* gui_mac.pro */ = {isa = PBXFileReference; fileEncoding = 4; lastKnownFileType = text; path = gui_mac.pro; sourceTree = "<group>"; };
		94661F15153D044C00AB2F3B /* gui_motif.pro */ = {isa = PBXFileReference; fileEncoding = 4; lastKnownFileType = text; path = gui_motif.pro; sourceTree = "<group>"; };
		94661F16153D044C00AB2F3B /* gui_photon.pro */ = {isa = PBXFileReference; fileEncoding = 4; lastKnownFileType = text; path = gui_photon.pro; sourceTree = "<group>"; };
		94661F17153D044C00AB2F3B /* gui_riscos.pro */ = {isa = PBXFileReference; fileEncoding = 4; lastKnownFileType = text; path = gui_riscos.pro; sourceTree = "<group>"; };
		94661F18153D044C00AB2F3B /* gui_w16.pro */ = {isa = PBXFileReference; fileEncoding = 4; lastKnownFileType = text; path = gui_w16.pro; sourceTree = "<group>"; };
		94661F19153D044C00AB2F3B /* gui_w32.pro */ = {isa = PBXFileReference; fileEncoding = 4; lastKnownFileType = text; path = gui_w32.pro; sourceTree = "<group>"; };
		94661F1A153D044C00AB2F3B /* gui_x11.pro */ = {isa = PBXFileReference; fileEncoding = 4; lastKnownFileType = text; path = gui_x11.pro; sourceTree = "<group>"; };
		94661F1B153D044C00AB2F3B /* gui_xmdlg.pro */ = {isa = PBXFileReference; fileEncoding = 4; lastKnownFileType = text; path = gui_xmdlg.pro; sourceTree = "<group>"; };
		94661F1C153D044C00AB2F3B /* hangulin.pro */ = {isa = PBXFileReference; fileEncoding = 4; lastKnownFileType = text; path = hangulin.pro; sourceTree = "<group>"; };
		94661F1D153D044C00AB2F3B /* hardcopy.pro */ = {isa = PBXFileReference; fileEncoding = 4; lastKnownFileType = text; path = hardcopy.pro; sourceTree = "<group>"; };
		94661F1E153D044C00AB2F3B /* hashtab.pro */ = {isa = PBXFileReference; fileEncoding = 4; lastKnownFileType = text; path = hashtab.pro; sourceTree = "<group>"; };
		94661F1F153D044D00AB2F3B /* if_cscope.pro */ = {isa = PBXFileReference; fileEncoding = 4; lastKnownFileType = text; path = if_cscope.pro; sourceTree = "<group>"; };
		94661F20153D044D00AB2F3B /* if_lua.pro */ = {isa = PBXFileReference; fileEncoding = 4; lastKnownFileType = text; path = if_lua.pro; sourceTree = "<group>"; };
		94661F21153D044D00AB2F3B /* if_mzsch.pro */ = {isa = PBXFileReference; fileEncoding = 4; lastKnownFileType = text; path = if_mzsch.pro; sourceTree = "<group>"; };
		94661F22153D044D00AB2F3B /* if_ole.pro */ = {isa = PBXFileReference; fileEncoding = 4; lastKnownFileType = text; path = if_ole.pro; sourceTree = "<group>"; };
		94661F23153D044D00AB2F3B /* if_perl.pro */ = {isa = PBXFileReference; fileEncoding = 4; lastKnownFileType = text; path = if_perl.pro; sourceTree = "<group>"; };
		94661F24153D044D00AB2F3B /* if_perlsfio.pro */ = {isa = PBXFileReference; fileEncoding = 4; lastKnownFileType = text; path = if_perlsfio.pro; sourceTree = "<group>"; };
		94661F25153D044D00AB2F3B /* if_python.pro */ = {isa = PBXFileReference; fileEncoding = 4; lastKnownFileType = text; path = if_python.pro; sourceTree = "<group>"; };
		94661F26153D044D00AB2F3B /* if_python3.pro */ = {isa = PBXFileReference; fileEncoding = 4; lastKnownFileType = text; path = if_python3.pro; sourceTree = "<group>"; };
		94661F27153D044D00AB2F3B /* if_ruby.pro */ = {isa = PBXFileReference; fileEncoding = 4; lastKnownFileType = text; path = if_ruby.pro; sourceTree = "<group>"; };
		94661F28153D044D00AB2F3B /* if_tcl.pro */ = {isa = PBXFileReference; fileEncoding = 4; lastKnownFileType = text; path = if_tcl.pro; sourceTree = "<group>"; };
		94661F29153D044D00AB2F3B /* if_xcmdsrv.pro */ = {isa = PBXFileReference; fileEncoding = 4; lastKnownFileType = text; path = if_xcmdsrv.pro; sourceTree = "<group>"; };
		94661F2A153D044D00AB2F3B /* main.pro */ = {isa = PBXFileReference; fileEncoding = 4; lastKnownFileType = text; path = main.pro; sourceTree = "<group>"; };
		94661F2B153D044D00AB2F3B /* mark.pro */ = {isa = PBXFileReference; fileEncoding = 4; lastKnownFileType = text; path = mark.pro; sourceTree = "<group>"; };
		94661F2C153D044D00AB2F3B /* mbyte.pro */ = {isa = PBXFileReference; fileEncoding = 4; lastKnownFileType = text; path = mbyte.pro; sourceTree = "<group>"; };
		94661F2D153D044D00AB2F3B /* memfile.pro */ = {isa = PBXFileReference; fileEncoding = 4; lastKnownFileType = text; path = memfile.pro; sourceTree = "<group>"; };
		94661F2E153D044D00AB2F3B /* memline.pro */ = {isa = PBXFileReference; fileEncoding = 4; lastKnownFileType = text; path = memline.pro; sourceTree = "<group>"; };
		94661F2F153D044D00AB2F3B /* menu.pro */ = {isa = PBXFileReference; fileEncoding = 4; lastKnownFileType = text; path = menu.pro; sourceTree = "<group>"; };
		94661F30153D044D00AB2F3B /* message.pro */ = {isa = PBXFileReference; fileEncoding = 4; lastKnownFileType = text; path = message.pro; sourceTree = "<group>"; };
		94661F31153D044D00AB2F3B /* misc1.pro */ = {isa = PBXFileReference; fileEncoding = 4; lastKnownFileType = text; path = misc1.pro; sourceTree = "<group>"; };
		94661F32153D044D00AB2F3B /* misc2.pro */ = {isa = PBXFileReference; fileEncoding = 4; lastKnownFileType = text; path = misc2.pro; sourceTree = "<group>"; };
		94661F33153D044D00AB2F3B /* move.pro */ = {isa = PBXFileReference; fileEncoding = 4; lastKnownFileType = text; path = move.pro; sourceTree = "<group>"; };
		94661F34153D044D00AB2F3B /* netbeans.pro */ = {isa = PBXFileReference; fileEncoding = 4; lastKnownFileType = text; path = netbeans.pro; sourceTree = "<group>"; };
		94661F35153D044D00AB2F3B /* normal.pro */ = {isa = PBXFileReference; fileEncoding = 4; lastKnownFileType = text; path = normal.pro; sourceTree = "<group>"; };
		94661F36153D044D00AB2F3B /* ops.pro */ = {isa = PBXFileReference; fileEncoding = 4; lastKnownFileType = text; path = ops.pro; sourceTree = "<group>"; };
		94661F37153D044D00AB2F3B /* option.pro */ = {isa = PBXFileReference; fileEncoding = 4; lastKnownFileType = text; path = option.pro; sourceTree = "<group>"; };
		94661F38153D044D00AB2F3B /* os_amiga.pro */ = {isa = PBXFileReference; fileEncoding = 4; lastKnownFileType = text; path = os_amiga.pro; sourceTree = "<group>"; };
		94661F39153D044D00AB2F3B /* os_mac_conv.pro */ = {isa = PBXFileReference; fileEncoding = 4; lastKnownFileType = text; path = os_mac_conv.pro; sourceTree = "<group>"; };
		94661F3A153D044D00AB2F3B /* os_msdos.pro */ = {isa = PBXFileReference; fileEncoding = 4; lastKnownFileType = text; path = os_msdos.pro; sourceTree = "<group>"; };
		94661F3B153D044D00AB2F3B /* os_mswin.pro */ = {isa = PBXFileReference; fileEncoding = 4; lastKnownFileType = text; path = os_mswin.pro; sourceTree = "<group>"; };
		94661F3C153D044D00AB2F3B /* os_qnx.pro */ = {isa = PBXFileReference; fileEncoding = 4; lastKnownFileType = text; path = os_qnx.pro; sourceTree = "<group>"; };
		94661F3D153D044D00AB2F3B /* os_riscos.pro */ = {isa = PBXFileReference; fileEncoding = 4; lastKnownFileType = text; path = os_riscos.pro; sourceTree = "<group>"; };
		94661F3E153D044D00AB2F3B /* os_unix.pro */ = {isa = PBXFileReference; fileEncoding = 4; lastKnownFileType = text; path = os_unix.pro; sourceTree = "<group>"; };
		94661F3F153D044D00AB2F3B /* os_vms.pro */ = {isa = PBXFileReference; fileEncoding = 4; lastKnownFileType = text; path = os_vms.pro; sourceTree = "<group>"; };
		94661F40153D044D00AB2F3B /* os_win16.pro */ = {isa = PBXFileReference; fileEncoding = 4; lastKnownFileType = text; path = os_win16.pro; sourceTree = "<group>"; };
		94661F41153D044D00AB2F3B /* os_win32.pro */ = {isa = PBXFileReference; fileEncoding = 4; lastKnownFileType = text; path = os_win32.pro; sourceTree = "<group>"; };
		94661F42153D044D00AB2F3B /* popupmnu.pro */ = {isa = PBXFileReference; fileEncoding = 4; lastKnownFileType = text; path = popupmnu.pro; sourceTree = "<group>"; };
		94661F43153D044D00AB2F3B /* pty.pro */ = {isa = PBXFileReference; fileEncoding = 4; lastKnownFileType = text; path = pty.pro; sourceTree = "<group>"; };
		94661F44153D044D00AB2F3B /* quickfix.pro */ = {isa = PBXFileReference; fileEncoding = 4; lastKnownFileType = text; path = quickfix.pro; sourceTree = "<group>"; };
		94661F45153D044D00AB2F3B /* regexp.pro */ = {isa = PBXFileReference; fileEncoding = 4; lastKnownFileType = text; path = regexp.pro; sourceTree = "<group>"; };
		94661F46153D044D00AB2F3B /* screen.pro */ = {isa = PBXFileReference; fileEncoding = 4; lastKnownFileType = text; path = screen.pro; sourceTree = "<group>"; };
		94661F47153D044D00AB2F3B /* search.pro */ = {isa = PBXFileReference; fileEncoding = 4; lastKnownFileType = text; path = search.pro; sourceTree = "<group>"; };
		94661F48153D044D00AB2F3B /* sha256.pro */ = {isa = PBXFileReference; fileEncoding = 4; lastKnownFileType = text; path = sha256.pro; sourceTree = "<group>"; };
		94661F49153D044D00AB2F3B /* spell.pro */ = {isa = PBXFileReference; fileEncoding = 4; lastKnownFileType = text; path = spell.pro; sourceTree = "<group>"; };
		94661F4A153D044D00AB2F3B /* syntax.pro */ = {isa = PBXFileReference; fileEncoding = 4; lastKnownFileType = text; path = syntax.pro; sourceTree = "<group>"; };
		94661F4B153D044D00AB2F3B /* tag.pro */ = {isa = PBXFileReference; fileEncoding = 4; lastKnownFileType = text; path = tag.pro; sourceTree = "<group>"; };
		94661F4C153D044D00AB2F3B /* term.pro */ = {isa = PBXFileReference; fileEncoding = 4; lastKnownFileType = text; path = term.pro; sourceTree = "<group>"; };
		94661F4D153D044D00AB2F3B /* termlib.pro */ = {isa = PBXFileReference; fileEncoding = 4; lastKnownFileType = text; path = termlib.pro; sourceTree = "<group>"; };
		94661F4E153D044D00AB2F3B /* ui.pro */ = {isa = PBXFileReference; fileEncoding = 4; lastKnownFileType = text; path = ui.pro; sourceTree = "<group>"; };
		94661F4F153D044D00AB2F3B /* undo.pro */ = {isa = PBXFileReference; fileEncoding = 4; lastKnownFileType = text; path = undo.pro; sourceTree = "<group>"; };
		94661F50153D044D00AB2F3B /* version.pro */ = {isa = PBXFileReference; fileEncoding = 4; lastKnownFileType = text; path = version.pro; sourceTree = "<group>"; };
		94661F51153D044D00AB2F3B /* window.pro */ = {isa = PBXFileReference; fileEncoding = 4; lastKnownFileType = text; path = window.pro; sourceTree = "<group>"; };
		94661F52153D044D00AB2F3B /* workshop.pro */ = {isa = PBXFileReference; fileEncoding = 4; lastKnownFileType = text; path = workshop.pro; sourceTree = "<group>"; };
		94691BC11528841000A913FD /* README.md */ = {isa = PBXFileReference; fileEncoding = 4; lastKnownFileType = text; path = README.md; sourceTree = SOURCE_ROOT; };
		946F09071529664C00E33389 /* VIConstants.h */ = {isa = PBXFileReference; lastKnownFileType = sourcecode.c.h; path = VIConstants.h; sourceTree = "<group>"; };
		947523431530B0E700FA1139 /* VIEventProtocol.h */ = {isa = PBXFileReference; fileEncoding = 4; lastKnownFileType = sourcecode.c.h; path = VIEventProtocol.h; sourceTree = "<group>"; };
		94762A5215347E54002445A7 /* VIXcode.h */ = {isa = PBXFileReference; lastKnownFileType = sourcecode.c.h; path = VIXcode.h; sourceTree = "<group>"; };
		9494850D1532D06200F90E31 /* NSString+Category.h */ = {isa = PBXFileReference; fileEncoding = 4; lastKnownFileType = sourcecode.c.h; path = "NSString+Category.h"; sourceTree = "<group>"; };
		9494850E1532D06200F90E31 /* NSString+Category.m */ = {isa = PBXFileReference; fileEncoding = 4; lastKnownFileType = sourcecode.c.objc; path = "NSString+Category.m"; sourceTree = "<group>"; };
		9498927A1535E1A50070114B /* CocoaBridge.h */ = {isa = PBXFileReference; fileEncoding = 4; lastKnownFileType = sourcecode.c.h; path = CocoaBridge.h; sourceTree = "<group>"; };
		9498927B1535E1A50070114B /* CocoaBridge.m */ = {isa = PBXFileReference; fileEncoding = 4; lastKnownFileType = sourcecode.c.objc; path = CocoaBridge.m; sourceTree = "<group>"; };
		94A0713C1537FEC400187644 /* VIKit.framework */ = {isa = PBXFileReference; explicitFileType = wrapper.framework; includeInIndex = 0; path = VIKit.framework; sourceTree = BUILT_PRODUCTS_DIR; };
		94A0713E1537FEC500187644 /* CoreData.framework */ = {isa = PBXFileReference; lastKnownFileType = wrapper.framework; name = CoreData.framework; path = System/Library/Frameworks/CoreData.framework; sourceTree = SDKROOT; };
		94A071411537FEC500187644 /* VIKit-Info.plist */ = {isa = PBXFileReference; lastKnownFileType = text.plist.xml; path = "VIKit-Info.plist"; sourceTree = "<group>"; };
		94A071431537FEC500187644 /* en */ = {isa = PBXFileReference; lastKnownFileType = text.plist.strings; name = en; path = en.lproj/InfoPlist.strings; sourceTree = "<group>"; };
		94A071451537FEC500187644 /* VIKit-Prefix.pch */ = {isa = PBXFileReference; lastKnownFileType = sourcecode.c.h; path = "VIKit-Prefix.pch"; sourceTree = "<group>"; };
		94A071511537FEE100187644 /* VITextView.app */ = {isa = PBXFileReference; explicitFileType = wrapper.application; includeInIndex = 0; path = VITextView.app; sourceTree = BUILT_PRODUCTS_DIR; };
		94A071561537FEE100187644 /* VITextView-Info.plist */ = {isa = PBXFileReference; lastKnownFileType = text.plist.xml; path = "VITextView-Info.plist"; sourceTree = "<group>"; };
		94A071581537FEE100187644 /* en */ = {isa = PBXFileReference; lastKnownFileType = text.plist.strings; name = en; path = en.lproj/InfoPlist.strings; sourceTree = "<group>"; };
		94A0715A1537FEE100187644 /* main.m */ = {isa = PBXFileReference; lastKnownFileType = sourcecode.c.objc; path = main.m; sourceTree = "<group>"; };
		94A0715C1537FEE100187644 /* VITextView-Prefix.pch */ = {isa = PBXFileReference; lastKnownFileType = sourcecode.c.h; path = "VITextView-Prefix.pch"; sourceTree = "<group>"; };
		94A0715E1537FEE100187644 /* en */ = {isa = PBXFileReference; lastKnownFileType = text.rtf; name = en; path = en.lproj/Credits.rtf; sourceTree = "<group>"; };
		94A071641537FEE100187644 /* en */ = {isa = PBXFileReference; lastKnownFileType = file.xib; name = en; path = en.lproj/MainMenu.xib; sourceTree = "<group>"; };
		94A0716A1537FF6500187644 /* AppDelegate.h */ = {isa = PBXFileReference; fileEncoding = 4; lastKnownFileType = sourcecode.c.h; path = AppDelegate.h; sourceTree = "<group>"; };
		94A0716B1537FF6500187644 /* AppDelegate.m */ = {isa = PBXFileReference; fileEncoding = 4; lastKnownFileType = sourcecode.c.objc; path = AppDelegate.m; sourceTree = "<group>"; };
		94A0716E1538013700187644 /* VIKit.h */ = {isa = PBXFileReference; fileEncoding = 4; lastKnownFileType = sourcecode.c.h; path = VIKit.h; sourceTree = "<group>"; };
		94A071711538013700187644 /* ascii.h */ = {isa = PBXFileReference; fileEncoding = 4; lastKnownFileType = sourcecode.c.h; path = ascii.h; sourceTree = "<group>"; };
		94A071721538013700187644 /* globals.h */ = {isa = PBXFileReference; fileEncoding = 4; lastKnownFileType = sourcecode.c.h; path = globals.h; sourceTree = "<group>"; };
		94A071731538013700187644 /* structs.h */ = {isa = PBXFileReference; fileEncoding = 4; lastKnownFileType = sourcecode.c.h; path = structs.h; sourceTree = "<group>"; };
		94A071741538013700187644 /* vim.h */ = {isa = PBXFileReference; fileEncoding = 4; lastKnownFileType = sourcecode.c.h; path = vim.h; sourceTree = "<group>"; };
		94A0717D153803B600187644 /* VICommandView.h */ = {isa = PBXFileReference; fileEncoding = 4; lastKnownFileType = sourcecode.c.h; path = VICommandView.h; sourceTree = "<group>"; };
		94A0717E153803B600187644 /* VICommandView.m */ = {isa = PBXFileReference; fileEncoding = 4; lastKnownFileType = sourcecode.c.objc; path = VICommandView.m; sourceTree = "<group>"; };
		94A071811538046E00187644 /* NIFLog.h */ = {isa = PBXFileReference; fileEncoding = 4; lastKnownFileType = sourcecode.c.h; path = NIFLog.h; sourceTree = "<group>"; };
		94A07183153808DE00187644 /* VIEventProcessor.h */ = {isa = PBXFileReference; fileEncoding = 4; lastKnownFileType = sourcecode.c.h; path = VIEventProcessor.h; sourceTree = "<group>"; };
		94A07184153808DE00187644 /* VIEventProcessor.m */ = {isa = PBXFileReference; fileEncoding = 4; lastKnownFileType = sourcecode.c.objc; path = VIEventProcessor.m; sourceTree = "<group>"; };
		94A0718A15380F0B00187644 /* keymap.h */ = {isa = PBXFileReference; fileEncoding = 4; lastKnownFileType = sourcecode.c.h; path = keymap.h; sourceTree = "<group>"; };
		94A0718C15380F2300187644 /* macros.h */ = {isa = PBXFileReference; fileEncoding = 4; lastKnownFileType = sourcecode.c.h; path = macros.h; sourceTree = "<group>"; };
		94A645FF152848CA0050A1C9 /* QuartzCore.framework */ = {isa = PBXFileReference; lastKnownFileType = wrapper.framework; name = QuartzCore.framework; path = System/Library/Frameworks/QuartzCore.framework; sourceTree = SDKROOT; };
		94BDAE49152F4B76008C3399 /* MacKeyMap.h */ = {isa = PBXFileReference; lastKnownFileType = sourcecode.c.h; path = MacKeyMap.h; sourceTree = "<group>"; };
		94C0F4931529864F006E5094 /* NSString-RuntimeReporting.h */ = {isa = PBXFileReference; fileEncoding = 4; lastKnownFileType = sourcecode.c.h; path = "NSString-RuntimeReporting.h"; sourceTree = "<group>"; };
		94C0F4941529864F006E5094 /* NSString-RuntimeReporting.m */ = {isa = PBXFileReference; fileEncoding = 4; lastKnownFileType = sourcecode.c.objc; path = "NSString-RuntimeReporting.m"; sourceTree = "<group>"; };
		94C0F4951529864F006E5094 /* RuntimeReporter.h */ = {isa = PBXFileReference; fileEncoding = 4; lastKnownFileType = sourcecode.c.h; path = RuntimeReporter.h; sourceTree = "<group>"; };
		94C0F4961529864F006E5094 /* RuntimeReporter.m */ = {isa = PBXFileReference; fileEncoding = 4; lastKnownFileType = sourcecode.c.objc; path = RuntimeReporter.m; sourceTree = "<group>"; };
		94CA5CDD1528178A00BA2361 /* DVTSwizzleSourceTextView.h */ = {isa = PBXFileReference; fileEncoding = 4; lastKnownFileType = sourcecode.c.h; path = DVTSwizzleSourceTextView.h; sourceTree = "<group>"; };
		94CA5CDE1528178A00BA2361 /* DVTSwizzleSourceTextView.m */ = {isa = PBXFileReference; fileEncoding = 4; lastKnownFileType = sourcecode.c.objc; path = DVTSwizzleSourceTextView.m; sourceTree = "<group>"; };
		94DDAEB9152841FA002CEBB4 /* NIFLog.h */ = {isa = PBXFileReference; fileEncoding = 4; lastKnownFileType = sourcecode.c.h; path = NIFLog.h; sourceTree = "<group>"; };
		94F004A61528186B00689C5E /* VIPlugin.m */ = {isa = PBXFileReference; fileEncoding = 4; lastKnownFileType = sourcecode.c.objc; path = VIPlugin.m; sourceTree = "<group>"; };
		94F5586D152C2145008044AF /* MehodHook.h */ = {isa = PBXFileReference; fileEncoding = 4; lastKnownFileType = sourcecode.c.h; path = MehodHook.h; sourceTree = "<group>"; };
		94F5586E152C2145008044AF /* MehodHook.m */ = {isa = PBXFileReference; fileEncoding = 4; lastKnownFileType = sourcecode.c.objc; path = MehodHook.m; sourceTree = "<group>"; };
		94FF30EA1535705700C18A5C /* VIOperator.h */ = {isa = PBXFileReference; fileEncoding = 4; lastKnownFileType = sourcecode.c.h; path = VIOperator.h; sourceTree = "<group>"; };
		94FF30EB1535705700C18A5C /* VIOperator.m */ = {isa = PBXFileReference; fileEncoding = 4; lastKnownFileType = sourcecode.c.objc; path = VIOperator.m; sourceTree = "<group>"; };
/* End PBXFileReference section */

/* Begin PBXFrameworksBuildPhase section */
		943FCE361526C31D00A3EEE4 /* Frameworks */ = {
			isa = PBXFrameworksBuildPhase;
			buildActionMask = 2147483647;
			files = (
				943FCE3D1526C31D00A3EEE4 /* Cocoa.framework in Frameworks */,
				94A64600152848CA0050A1C9 /* QuartzCore.framework in Frameworks */,
			);
			runOnlyForDeploymentPostprocessing = 0;
		};
		94A071381537FEC400187644 /* Frameworks */ = {
			isa = PBXFrameworksBuildPhase;
			buildActionMask = 2147483647;
			files = (
				94A0713D1537FEC500187644 /* Cocoa.framework in Frameworks */,
			);
			runOnlyForDeploymentPostprocessing = 0;
		};
		94A0714E1537FEE000187644 /* Frameworks */ = {
			isa = PBXFrameworksBuildPhase;
			buildActionMask = 2147483647;
			files = (
				94A07198153816E400187644 /* VIKit.framework in Frameworks */,
				94A071531537FEE100187644 /* Cocoa.framework in Frameworks */,
			);
			runOnlyForDeploymentPostprocessing = 0;
		};
/* End PBXFrameworksBuildPhase section */

/* Begin PBXGroup section */
		94329487153BB53E00FC9E27 /* Handler */ = {
			isa = PBXGroup;
			children = (
				94329496153BB5BC00FC9E27 /* VIEventHandler.h */,
				94329491153BB58100FC9E27 /* VIEventHandler.m */,
				9432948A153BB53E00FC9E27 /* VINormalHandler.h */,
				9432948B153BB53E00FC9E27 /* VINormalHandler.m */,
			);
			path = Handler;
			sourceTree = "<group>";
		};
		943FCE2E1526C31C00A3EEE4 = {
			isa = PBXGroup;
			children = (
				94C0F4921529864F006E5094 /* Runtime Browser */,
				943FCE421526C31D00A3EEE4 /* VIXcode */,
				94A0713F1537FEC500187644 /* VIKit */,
				94A071541537FEE100187644 /* VITextView */,
				943FCE3B1526C31D00A3EEE4 /* Frameworks */,
				943FCE3A1526C31D00A3EEE4 /* Products */,
			);
			sourceTree = "<group>";
		};
		943FCE3A1526C31D00A3EEE4 /* Products */ = {
			isa = PBXGroup;
			children = (
				943FCE391526C31D00A3EEE4 /* VIXcode.xcplugin */,
				94A0713C1537FEC400187644 /* VIKit.framework */,
				94A071511537FEE100187644 /* VITextView.app */,
			);
			name = Products;
			sourceTree = "<group>";
		};
		943FCE3B1526C31D00A3EEE4 /* Frameworks */ = {
			isa = PBXGroup;
			children = (
				94A645FF152848CA0050A1C9 /* QuartzCore.framework */,
				943FCE3C1526C31D00A3EEE4 /* Cocoa.framework */,
				943FCE3E1526C31D00A3EEE4 /* Other Frameworks */,
			);
			name = Frameworks;
			sourceTree = "<group>";
		};
		943FCE3E1526C31D00A3EEE4 /* Other Frameworks */ = {
			isa = PBXGroup;
			children = (
				943FCE3F1526C31D00A3EEE4 /* AppKit.framework */,
				943FCE411526C31D00A3EEE4 /* Foundation.framework */,
				94A0713E1537FEC500187644 /* CoreData.framework */,
			);
			name = "Other Frameworks";
			sourceTree = "<group>";
		};
		943FCE421526C31D00A3EEE4 /* VIXcode */ = {
			isa = PBXGroup;
			children = (
				94691BC11528841000A913FD /* README.md */,
				94CA5CDC1528178A00BA2361 /* Code */,
				943FCE431526C31D00A3EEE4 /* Supporting Files */,
			);
			path = VIXcode;
			sourceTree = "<group>";
		};
		943FCE431526C31D00A3EEE4 /* Supporting Files */ = {
			isa = PBXGroup;
			children = (
				94DDAEB9152841FA002CEBB4 /* NIFLog.h */,
				943FCE441526C31D00A3EEE4 /* VIXcode-Info.plist */,
				943FCE451526C31D00A3EEE4 /* InfoPlist.strings */,
				943FCE481526C31D00A3EEE4 /* VIXcode-Prefix.pch */,
				94F004A61528186B00689C5E /* VIPlugin.m */,
			);
			name = "Supporting Files";
			sourceTree = "<group>";
		};
		944521D615305AB1007B18B5 /* Categories */ = {
			isa = PBXGroup;
			children = (
				944521D715305AB1007B18B5 /* NSEvent+Keymap.h */,
				944521D815305AB1007B18B5 /* NSEvent+Keymap.m */,
				944521D915305AB1007B18B5 /* NSTextView+Actions.h */,
				944521DA15305AB1007B18B5 /* NSTextView+Actions.m */,
				944521DB15305AB1007B18B5 /* NSView+Subviews.h */,
				944521DC15305AB1007B18B5 /* NSView+Subviews.m */,
				9494850D1532D06200F90E31 /* NSString+Category.h */,
				9494850E1532D06200F90E31 /* NSString+Category.m */,
			);
			path = Categories;
			sourceTree = "<group>";
		};
		944521E015305AE7007B18B5 /* Event Process */ = {
			isa = PBXGroup;
			children = (
				947523431530B0E700FA1139 /* VIEventProtocol.h */,
				944521E115305B3D007B18B5 /* VIEventProcessor.h */,
				944521E215305B3D007B18B5 /* VIEventProcessor.m */,
				94FF30EA1535705700C18A5C /* VIOperator.h */,
				94FF30EB1535705700C18A5C /* VIOperator.m */,
			);
			path = "Event Process";
			sourceTree = "<group>";
		};
		944521F015308508007B18B5 /* Views */ = {
			isa = PBXGroup;
			children = (
				944521F215308525007B18B5 /* VICommandView.h */,
				944521F315308525007B18B5 /* VICommandView.m */,
			);
			path = Views;
			sourceTree = "<group>";
		};
		94661EFF153D044C00AB2F3B /* proto */ = {
			isa = PBXGroup;
			children = (
				94661F00153D044C00AB2F3B /* blowfish.pro */,
				94661F01153D044C00AB2F3B /* buffer.pro */,
				94661F02153D044C00AB2F3B /* charset.pro */,
				94661F03153D044C00AB2F3B /* diff.pro */,
				94661F04153D044C00AB2F3B /* digraph.pro */,
				94661F05153D044C00AB2F3B /* edit.pro */,
				94661F06153D044C00AB2F3B /* eval.pro */,
				94661F07153D044C00AB2F3B /* ex_cmds.pro */,
				94661F08153D044C00AB2F3B /* ex_cmds2.pro */,
				94661F09153D044C00AB2F3B /* ex_docmd.pro */,
				94661F0A153D044C00AB2F3B /* ex_eval.pro */,
				94661F0B153D044C00AB2F3B /* ex_getln.pro */,
				94661F0C153D044C00AB2F3B /* fileio.pro */,
				94661F0D153D044C00AB2F3B /* fold.pro */,
				94661F0E153D044C00AB2F3B /* getchar.pro */,
				94661F0F153D044C00AB2F3B /* gui.pro */,
				94661F10153D044C00AB2F3B /* gui_athena.pro */,
				94661F11153D044C00AB2F3B /* gui_beval.pro */,
				94661F12153D044C00AB2F3B /* gui_gtk.pro */,
				94661F13153D044C00AB2F3B /* gui_gtk_x11.pro */,
				94661F14153D044C00AB2F3B /* gui_mac.pro */,
				94661F15153D044C00AB2F3B /* gui_motif.pro */,
				94661F16153D044C00AB2F3B /* gui_photon.pro */,
				94661F17153D044C00AB2F3B /* gui_riscos.pro */,
				94661F18153D044C00AB2F3B /* gui_w16.pro */,
				94661F19153D044C00AB2F3B /* gui_w32.pro */,
				94661F1A153D044C00AB2F3B /* gui_x11.pro */,
				94661F1B153D044C00AB2F3B /* gui_xmdlg.pro */,
				94661F1C153D044C00AB2F3B /* hangulin.pro */,
				94661F1D153D044C00AB2F3B /* hardcopy.pro */,
				94661F1E153D044C00AB2F3B /* hashtab.pro */,
				94661F1F153D044D00AB2F3B /* if_cscope.pro */,
				94661F20153D044D00AB2F3B /* if_lua.pro */,
				94661F21153D044D00AB2F3B /* if_mzsch.pro */,
				94661F22153D044D00AB2F3B /* if_ole.pro */,
				94661F23153D044D00AB2F3B /* if_perl.pro */,
				94661F24153D044D00AB2F3B /* if_perlsfio.pro */,
				94661F25153D044D00AB2F3B /* if_python.pro */,
				94661F26153D044D00AB2F3B /* if_python3.pro */,
				94661F27153D044D00AB2F3B /* if_ruby.pro */,
				94661F28153D044D00AB2F3B /* if_tcl.pro */,
				94661F29153D044D00AB2F3B /* if_xcmdsrv.pro */,
				94661F2A153D044D00AB2F3B /* main.pro */,
				94661F2B153D044D00AB2F3B /* mark.pro */,
				94661F2C153D044D00AB2F3B /* mbyte.pro */,
				94661F2D153D044D00AB2F3B /* memfile.pro */,
				94661F2E153D044D00AB2F3B /* memline.pro */,
				94661F2F153D044D00AB2F3B /* menu.pro */,
				94661F30153D044D00AB2F3B /* message.pro */,
				94661F31153D044D00AB2F3B /* misc1.pro */,
				94661F32153D044D00AB2F3B /* misc2.pro */,
				94661F33153D044D00AB2F3B /* move.pro */,
				94661F34153D044D00AB2F3B /* netbeans.pro */,
				94661F35153D044D00AB2F3B /* normal.pro */,
				94661F36153D044D00AB2F3B /* ops.pro */,
				94661F37153D044D00AB2F3B /* option.pro */,
				94661F38153D044D00AB2F3B /* os_amiga.pro */,
				94661F39153D044D00AB2F3B /* os_mac_conv.pro */,
				94661F3A153D044D00AB2F3B /* os_msdos.pro */,
				94661F3B153D044D00AB2F3B /* os_mswin.pro */,
				94661F3C153D044D00AB2F3B /* os_qnx.pro */,
				94661F3D153D044D00AB2F3B /* os_riscos.pro */,
				94661F3E153D044D00AB2F3B /* os_unix.pro */,
				94661F3F153D044D00AB2F3B /* os_vms.pro */,
				94661F40153D044D00AB2F3B /* os_win16.pro */,
				94661F41153D044D00AB2F3B /* os_win32.pro */,
				94661F42153D044D00AB2F3B /* popupmnu.pro */,
				94661F43153D044D00AB2F3B /* pty.pro */,
				94661F44153D044D00AB2F3B /* quickfix.pro */,
				94661F45153D044D00AB2F3B /* regexp.pro */,
				94661F46153D044D00AB2F3B /* screen.pro */,
				94661F47153D044D00AB2F3B /* search.pro */,
				94661F48153D044D00AB2F3B /* sha256.pro */,
				94661F49153D044D00AB2F3B /* spell.pro */,
				94661F4A153D044D00AB2F3B /* syntax.pro */,
				94661F4B153D044D00AB2F3B /* tag.pro */,
				94661F4C153D044D00AB2F3B /* term.pro */,
				94661F4D153D044D00AB2F3B /* termlib.pro */,
				94661F4E153D044D00AB2F3B /* ui.pro */,
				94661F4F153D044D00AB2F3B /* undo.pro */,
				94661F50153D044D00AB2F3B /* version.pro */,
				94661F51153D044D00AB2F3B /* window.pro */,
				94661F52153D044D00AB2F3B /* workshop.pro */,
			);
			path = proto;
			sourceTree = "<group>";
		};
		94A0713F1537FEC500187644 /* VIKit */ = {
			isa = PBXGroup;
			children = (
				94A0716D1537FF7100187644 /* code */,
				94A071401537FEC500187644 /* Supporting Files */,
			);
			path = VIKit;
			sourceTree = "<group>";
		};
		94A071401537FEC500187644 /* Supporting Files */ = {
			isa = PBXGroup;
			children = (
				94A071411537FEC500187644 /* VIKit-Info.plist */,
				94A071421537FEC500187644 /* InfoPlist.strings */,
				94A071451537FEC500187644 /* VIKit-Prefix.pch */,
				94A071811538046E00187644 /* NIFLog.h */,
			);
			name = "Supporting Files";
			sourceTree = "<group>";
		};
		94A071541537FEE100187644 /* VITextView */ = {
			isa = PBXGroup;
			children = (
				94A071691537FF6500187644 /* code */,
				94A071631537FEE100187644 /* MainMenu.xib */,
				94A071551537FEE100187644 /* Supporting Files */,
			);
			path = VITextView;
			sourceTree = "<group>";
		};
		94A071551537FEE100187644 /* Supporting Files */ = {
			isa = PBXGroup;
			children = (
				94A071561537FEE100187644 /* VITextView-Info.plist */,
				94A071571537FEE100187644 /* InfoPlist.strings */,
				94A0715A1537FEE100187644 /* main.m */,
				94A0715C1537FEE100187644 /* VITextView-Prefix.pch */,
				94A0715D1537FEE100187644 /* Credits.rtf */,
			);
			name = "Supporting Files";
			sourceTree = "<group>";
		};
		94A071691537FF6500187644 /* code */ = {
			isa = PBXGroup;
			children = (
				94A0716A1537FF6500187644 /* AppDelegate.h */,
				94A0716B1537FF6500187644 /* AppDelegate.m */,
			);
			path = code;
			sourceTree = "<group>";
		};
		94A0716D1537FF7100187644 /* code */ = {
			isa = PBXGroup;
			children = (
				94329487153BB53E00FC9E27 /* Handler */,
				94A07183153808DE00187644 /* VIEventProcessor.h */,
				94A07184153808DE00187644 /* VIEventProcessor.m */,
				94A0717D153803B600187644 /* VICommandView.h */,
				94A0717E153803B600187644 /* VICommandView.m */,
				940D820C15382870000C02B3 /* VIKitConstants.h */,
				9432949D153BBFC500FC9E27 /* NSEvent+Keymap.h */,
				9432949E153BBFC500FC9E27 /* NSEvent+Keymap.m */,
				943294A1153BC1D000FC9E27 /* VITextView.h */,
				943294A2153BC1D000FC9E27 /* VITextView.m */,
				94A071701538013700187644 /* vim */,
				94A0716E1538013700187644 /* VIKit.h */,
			);
			path = code;
			sourceTree = "<group>";
		};
		94A071701538013700187644 /* vim */ = {
			isa = PBXGroup;
			children = (
				94661EFF153D044C00AB2F3B /* proto */,
				94A0718A15380F0B00187644 /* keymap.h */,
				94035906153D570D00A4A2B3 /* feature.h */,
				94A071711538013700187644 /* ascii.h */,
				94A071721538013700187644 /* globals.h */,
				94A071731538013700187644 /* structs.h */,
				94A0718C15380F2300187644 /* macros.h */,
				94035904153D4CA500A4A2B3 /* option.h */,
				94A071741538013700187644 /* vim.h */,
			);
			path = vim;
			sourceTree = "<group>";
		};
		94C0F4921529864F006E5094 /* Runtime Browser */ = {
			isa = PBXGroup;
			children = (
				94C0F4931529864F006E5094 /* NSString-RuntimeReporting.h */,
				94C0F4941529864F006E5094 /* NSString-RuntimeReporting.m */,
				94C0F4951529864F006E5094 /* RuntimeReporter.h */,
				94C0F4961529864F006E5094 /* RuntimeReporter.m */,
				94F5586D152C2145008044AF /* MehodHook.h */,
				94F5586E152C2145008044AF /* MehodHook.m */,
			);
			name = "Runtime Browser";
			path = "VIXcode/Runtime Browser";
			sourceTree = "<group>";
		};
		94CA5CDC1528178A00BA2361 /* Code */ = {
			isa = PBXGroup;
			children = (
				94762A5215347E54002445A7 /* VIXcode.h */,
				9498927A1535E1A50070114B /* CocoaBridge.h */,
				9498927B1535E1A50070114B /* CocoaBridge.m */,
				944521F015308508007B18B5 /* Views */,
				944521E015305AE7007B18B5 /* Event Process */,
				944521D615305AB1007B18B5 /* Categories */,
				944134DF152BF7EB0007CF45 /* VISettingsManager.h */,
				944134E0152BF7EB0007CF45 /* VISettingsManager.m */,
				94CA5CDD1528178A00BA2361 /* DVTSwizzleSourceTextView.h */,
				94CA5CDE1528178A00BA2361 /* DVTSwizzleSourceTextView.m */,
				9435E94015284BEC00453194 /* IDESwizzleApplication.h */,
				9435E94115284BEC00453194 /* IDESwizzleApplication.m */,
				946F09071529664C00E33389 /* VIConstants.h */,
				94BDAE49152F4B76008C3399 /* MacKeyMap.h */,
			);
			name = Code;
			path = src;
			sourceTree = "<group>";
		};
/* End PBXGroup section */

/* Begin PBXHeadersBuildPhase section */
		94A071391537FEC400187644 /* Headers */ = {
			isa = PBXHeadersBuildPhase;
			buildActionMask = 2147483647;
			files = (
				94A071751538013700187644 /* VIKit.h in Headers */,
				94A0717F153803B600187644 /* VICommandView.h in Headers */,
				94A071771538013700187644 /* ascii.h in Headers */,
				943294A3153BC1D100FC9E27 /* VITextView.h in Headers */,
				94A071781538013700187644 /* globals.h in Headers */,
				94A071791538013700187644 /* structs.h in Headers */,
				94A0717A1538013700187644 /* vim.h in Headers */,
				94A07185153808DE00187644 /* VIEventProcessor.h in Headers */,
				94A0718B15380F0B00187644 /* keymap.h in Headers */,
				94A0718D15380F2300187644 /* macros.h in Headers */,
				940D820D15382870000C02B3 /* VIKitConstants.h in Headers */,
				9432948E153BB53E00FC9E27 /* VINormalHandler.h in Headers */,
				94329497153BB5BC00FC9E27 /* VIEventHandler.h in Headers */,
				9432949F153BBFC600FC9E27 /* NSEvent+Keymap.h in Headers */,
				94035905153D4CA600A4A2B3 /* option.h in Headers */,
				94035907153D570D00A4A2B3 /* feature.h in Headers */,
			);
			runOnlyForDeploymentPostprocessing = 0;
		};
/* End PBXHeadersBuildPhase section */

/* Begin PBXNativeTarget section */
		943FCE381526C31D00A3EEE4 /* VIXcode */ = {
			isa = PBXNativeTarget;
			buildConfigurationList = 943FCE4B1526C31D00A3EEE4 /* Build configuration list for PBXNativeTarget "VIXcode" */;
			buildPhases = (
				943FCE351526C31D00A3EEE4 /* Sources */,
				943FCE361526C31D00A3EEE4 /* Frameworks */,
				943FCE371526C31D00A3EEE4 /* Resources */,
			);
			buildRules = (
			);
			dependencies = (
			);
			name = VIXcode;
			productName = VIXcode;
			productReference = 943FCE391526C31D00A3EEE4 /* VIXcode.xcplugin */;
			productType = "com.apple.product-type.bundle";
		};
		94A0713B1537FEC400187644 /* VIKit */ = {
			isa = PBXNativeTarget;
			buildConfigurationList = 94A0714B1537FEC500187644 /* Build configuration list for PBXNativeTarget "VIKit" */;
			buildPhases = (
				94A071371537FEC400187644 /* Sources */,
				94A071381537FEC400187644 /* Frameworks */,
				94A071391537FEC400187644 /* Headers */,
				94A0713A1537FEC400187644 /* Resources */,
			);
			buildRules = (
			);
			dependencies = (
			);
			name = VIKit;
			productName = VIKit;
			productReference = 94A0713C1537FEC400187644 /* VIKit.framework */;
			productType = "com.apple.product-type.framework";
		};
		94A071501537FEE000187644 /* VITextView */ = {
			isa = PBXNativeTarget;
			buildConfigurationList = 94A071661537FEE100187644 /* Build configuration list for PBXNativeTarget "VITextView" */;
			buildPhases = (
				94A0714D1537FEE000187644 /* Sources */,
				94A0714E1537FEE000187644 /* Frameworks */,
				94A0714F1537FEE000187644 /* Resources */,
			);
			buildRules = (
			);
			dependencies = (
				94A0717C1538035800187644 /* PBXTargetDependency */,
			);
			name = VITextView;
			productName = VITextView;
			productReference = 94A071511537FEE100187644 /* VITextView.app */;
			productType = "com.apple.product-type.application";
		};
/* End PBXNativeTarget section */

/* Begin PBXProject section */
		943FCE301526C31C00A3EEE4 /* Project object */ = {
			isa = PBXProject;
			attributes = {
				LastUpgradeCheck = 0430;
			};
			buildConfigurationList = 943FCE331526C31C00A3EEE4 /* Build configuration list for PBXProject "VIXcode" */;
			compatibilityVersion = "Xcode 3.2";
			developmentRegion = English;
			hasScannedForEncodings = 0;
			knownRegions = (
				en,
				English,
			);
			mainGroup = 943FCE2E1526C31C00A3EEE4;
			productRefGroup = 943FCE3A1526C31D00A3EEE4 /* Products */;
			projectDirPath = "";
			projectRoot = "";
			targets = (
				943FCE381526C31D00A3EEE4 /* VIXcode */,
				94A0713B1537FEC400187644 /* VIKit */,
				94A071501537FEE000187644 /* VITextView */,
			);
		};
/* End PBXProject section */

/* Begin PBXResourcesBuildPhase section */
		943FCE371526C31D00A3EEE4 /* Resources */ = {
			isa = PBXResourcesBuildPhase;
			buildActionMask = 2147483647;
			files = (
				943FCE471526C31D00A3EEE4 /* InfoPlist.strings in Resources */,
				94691BC21528841000A913FD /* README.md in Resources */,
			);
			runOnlyForDeploymentPostprocessing = 0;
		};
		94A0713A1537FEC400187644 /* Resources */ = {
			isa = PBXResourcesBuildPhase;
			buildActionMask = 2147483647;
			files = (
				94A071441537FEC500187644 /* InfoPlist.strings in Resources */,
				94661F53153D044D00AB2F3B /* blowfish.pro in Resources */,
				94661F54153D044D00AB2F3B /* buffer.pro in Resources */,
				94661F55153D044D00AB2F3B /* charset.pro in Resources */,
				94661F56153D044D00AB2F3B /* diff.pro in Resources */,
				94661F57153D044D00AB2F3B /* digraph.pro in Resources */,
				94661F58153D044D00AB2F3B /* edit.pro in Resources */,
				94661F59153D044D00AB2F3B /* eval.pro in Resources */,
				94661F5A153D044D00AB2F3B /* ex_cmds.pro in Resources */,
				94661F5B153D044D00AB2F3B /* ex_cmds2.pro in Resources */,
				94661F5C153D044D00AB2F3B /* ex_docmd.pro in Resources */,
				94661F5D153D044D00AB2F3B /* ex_eval.pro in Resources */,
				94661F5E153D044D00AB2F3B /* ex_getln.pro in Resources */,
				94661F5F153D044D00AB2F3B /* fileio.pro in Resources */,
				94661F60153D044D00AB2F3B /* fold.pro in Resources */,
				94661F61153D044D00AB2F3B /* getchar.pro in Resources */,
				94661F62153D044D00AB2F3B /* gui.pro in Resources */,
				94661F63153D044D00AB2F3B /* gui_athena.pro in Resources */,
				94661F64153D044D00AB2F3B /* gui_beval.pro in Resources */,
				94661F65153D044D00AB2F3B /* gui_gtk.pro in Resources */,
				94661F66153D044D00AB2F3B /* gui_gtk_x11.pro in Resources */,
				94661F67153D044D00AB2F3B /* gui_mac.pro in Resources */,
				94661F68153D044D00AB2F3B /* gui_motif.pro in Resources */,
				94661F69153D044D00AB2F3B /* gui_photon.pro in Resources */,
				94661F6A153D044D00AB2F3B /* gui_riscos.pro in Resources */,
				94661F6B153D044D00AB2F3B /* gui_w16.pro in Resources */,
				94661F6C153D044D00AB2F3B /* gui_w32.pro in Resources */,
				94661F6D153D044D00AB2F3B /* gui_x11.pro in Resources */,
				94661F6E153D044D00AB2F3B /* gui_xmdlg.pro in Resources */,
				94661F6F153D044D00AB2F3B /* hangulin.pro in Resources */,
				94661F70153D044D00AB2F3B /* hardcopy.pro in Resources */,
				94661F71153D044D00AB2F3B /* hashtab.pro in Resources */,
				94661F72153D044D00AB2F3B /* if_cscope.pro in Resources */,
				94661F73153D044D00AB2F3B /* if_lua.pro in Resources */,
				94661F74153D044D00AB2F3B /* if_mzsch.pro in Resources */,
				94661F75153D044D00AB2F3B /* if_ole.pro in Resources */,
				94661F76153D044D00AB2F3B /* if_perl.pro in Resources */,
				94661F77153D044D00AB2F3B /* if_perlsfio.pro in Resources */,
				94661F78153D044D00AB2F3B /* if_python.pro in Resources */,
				94661F79153D044D00AB2F3B /* if_python3.pro in Resources */,
				94661F7A153D044D00AB2F3B /* if_ruby.pro in Resources */,
				94661F7B153D044D00AB2F3B /* if_tcl.pro in Resources */,
				94661F7C153D044D00AB2F3B /* if_xcmdsrv.pro in Resources */,
				94661F7D153D044D00AB2F3B /* main.pro in Resources */,
				94661F7E153D044D00AB2F3B /* mark.pro in Resources */,
				94661F7F153D044D00AB2F3B /* mbyte.pro in Resources */,
				94661F80153D044D00AB2F3B /* memfile.pro in Resources */,
				94661F81153D044D00AB2F3B /* memline.pro in Resources */,
				94661F82153D044D00AB2F3B /* menu.pro in Resources */,
				94661F83153D044D00AB2F3B /* message.pro in Resources */,
				94661F84153D044D00AB2F3B /* misc1.pro in Resources */,
				94661F85153D044D00AB2F3B /* misc2.pro in Resources */,
				94661F86153D044D00AB2F3B /* move.pro in Resources */,
				94661F87153D044D00AB2F3B /* netbeans.pro in Resources */,
				94661F88153D044D00AB2F3B /* normal.pro in Resources */,
				94661F89153D044D00AB2F3B /* ops.pro in Resources */,
				94661F8A153D044D00AB2F3B /* option.pro in Resources */,
				94661F8B153D044D00AB2F3B /* os_amiga.pro in Resources */,
				94661F8C153D044D00AB2F3B /* os_mac_conv.pro in Resources */,
				94661F8D153D044D00AB2F3B /* os_msdos.pro in Resources */,
				94661F8E153D044D00AB2F3B /* os_mswin.pro in Resources */,
				94661F8F153D044D00AB2F3B /* os_qnx.pro in Resources */,
				94661F90153D044D00AB2F3B /* os_riscos.pro in Resources */,
				94661F91153D044D00AB2F3B /* os_unix.pro in Resources */,
				94661F92153D044D00AB2F3B /* os_vms.pro in Resources */,
				94661F93153D044D00AB2F3B /* os_win16.pro in Resources */,
				94661F94153D044D00AB2F3B /* os_win32.pro in Resources */,
				94661F95153D044D00AB2F3B /* popupmnu.pro in Resources */,
				94661F96153D044D00AB2F3B /* pty.pro in Resources */,
				94661F97153D044D00AB2F3B /* quickfix.pro in Resources */,
				94661F98153D044D00AB2F3B /* regexp.pro in Resources */,
				94661F99153D044D00AB2F3B /* screen.pro in Resources */,
				94661F9A153D044D00AB2F3B /* search.pro in Resources */,
				94661F9B153D044D00AB2F3B /* sha256.pro in Resources */,
				94661F9C153D044D00AB2F3B /* spell.pro in Resources */,
				94661F9D153D044D00AB2F3B /* syntax.pro in Resources */,
				94661F9E153D044D00AB2F3B /* tag.pro in Resources */,
				94661F9F153D044D00AB2F3B /* term.pro in Resources */,
				94661FA0153D044D00AB2F3B /* termlib.pro in Resources */,
				94661FA1153D044D00AB2F3B /* ui.pro in Resources */,
				94661FA2153D044D00AB2F3B /* undo.pro in Resources */,
				94661FA3153D044D00AB2F3B /* version.pro in Resources */,
				94661FA4153D044D00AB2F3B /* window.pro in Resources */,
				94661FA5153D044D00AB2F3B /* workshop.pro in Resources */,
			);
			runOnlyForDeploymentPostprocessing = 0;
		};
		94A0714F1537FEE000187644 /* Resources */ = {
			isa = PBXResourcesBuildPhase;
			buildActionMask = 2147483647;
			files = (
				94A071591537FEE100187644 /* InfoPlist.strings in Resources */,
				94A0715F1537FEE100187644 /* Credits.rtf in Resources */,
				94A071651537FEE100187644 /* MainMenu.xib in Resources */,
			);
			runOnlyForDeploymentPostprocessing = 0;
		};
/* End PBXResourcesBuildPhase section */

/* Begin PBXSourcesBuildPhase section */
		943FCE351526C31D00A3EEE4 /* Sources */ = {
			isa = PBXSourcesBuildPhase;
			buildActionMask = 2147483647;
			files = (
				94CA5CE01528178A00BA2361 /* DVTSwizzleSourceTextView.m in Sources */,
				94F004A71528186B00689C5E /* VIPlugin.m in Sources */,
				9435E94215284BEC00453194 /* IDESwizzleApplication.m in Sources */,
				94C0F4971529864F006E5094 /* NSString-RuntimeReporting.m in Sources */,
				94C0F4981529864F006E5094 /* RuntimeReporter.m in Sources */,
				944134E1152BF7EB0007CF45 /* VISettingsManager.m in Sources */,
				94F5586F152C2145008044AF /* MehodHook.m in Sources */,
				944521DD15305AB1007B18B5 /* NSEvent+Keymap.m in Sources */,
				944521DE15305AB1007B18B5 /* NSTextView+Actions.m in Sources */,
				944521DF15305AB1007B18B5 /* NSView+Subviews.m in Sources */,
				944521E315305B3D007B18B5 /* VIEventProcessor.m in Sources */,
				944521F415308525007B18B5 /* VICommandView.m in Sources */,
				9494850F1532D06200F90E31 /* NSString+Category.m in Sources */,
				94FF30EC1535705700C18A5C /* VIOperator.m in Sources */,
				9498927C1535E1A50070114B /* CocoaBridge.m in Sources */,
			);
			runOnlyForDeploymentPostprocessing = 0;
		};
		94A071371537FEC400187644 /* Sources */ = {
			isa = PBXSourcesBuildPhase;
			buildActionMask = 2147483647;
			files = (
				94A07180153803B600187644 /* VICommandView.m in Sources */,
				94A07186153808DE00187644 /* VIEventProcessor.m in Sources */,
				9432948F153BB53E00FC9E27 /* VINormalHandler.m in Sources */,
				94329493153BB58100FC9E27 /* VIEventHandler.m in Sources */,
				943294A0153BBFC600FC9E27 /* NSEvent+Keymap.m in Sources */,
				943294A4153BC1D100FC9E27 /* VITextView.m in Sources */,
			);
			runOnlyForDeploymentPostprocessing = 0;
		};
		94A0714D1537FEE000187644 /* Sources */ = {
			isa = PBXSourcesBuildPhase;
			buildActionMask = 2147483647;
			files = (
				94A0715B1537FEE100187644 /* main.m in Sources */,
				94A0716C1537FF6500187644 /* AppDelegate.m in Sources */,
			);
			runOnlyForDeploymentPostprocessing = 0;
		};
/* End PBXSourcesBuildPhase section */

/* Begin PBXTargetDependency section */
		94A0717C1538035800187644 /* PBXTargetDependency */ = {
			isa = PBXTargetDependency;
			target = 94A0713B1537FEC400187644 /* VIKit */;
			targetProxy = 94A0717B1538035800187644 /* PBXContainerItemProxy */;
		};
/* End PBXTargetDependency section */

/* Begin PBXVariantGroup section */
		943FCE451526C31D00A3EEE4 /* InfoPlist.strings */ = {
			isa = PBXVariantGroup;
			children = (
				943FCE461526C31D00A3EEE4 /* en */,
			);
			name = InfoPlist.strings;
			sourceTree = "<group>";
		};
		94A071421537FEC500187644 /* InfoPlist.strings */ = {
			isa = PBXVariantGroup;
			children = (
				94A071431537FEC500187644 /* en */,
			);
			name = InfoPlist.strings;
			sourceTree = "<group>";
		};
		94A071571537FEE100187644 /* InfoPlist.strings */ = {
			isa = PBXVariantGroup;
			children = (
				94A071581537FEE100187644 /* en */,
			);
			name = InfoPlist.strings;
			sourceTree = "<group>";
		};
		94A0715D1537FEE100187644 /* Credits.rtf */ = {
			isa = PBXVariantGroup;
			children = (
				94A0715E1537FEE100187644 /* en */,
			);
			name = Credits.rtf;
			sourceTree = "<group>";
		};
		94A071631537FEE100187644 /* MainMenu.xib */ = {
			isa = PBXVariantGroup;
			children = (
				94A071641537FEE100187644 /* en */,
			);
			name = MainMenu.xib;
			sourceTree = "<group>";
		};
/* End PBXVariantGroup section */

/* Begin XCBuildConfiguration section */
		943FCE491526C31D00A3EEE4 /* Debug */ = {
			isa = XCBuildConfiguration;
			buildSettings = {
				ALWAYS_SEARCH_USER_PATHS = NO;
				ARCHS = "$(ARCHS_STANDARD_64_BIT)";
				CLANG_ENABLE_OBJC_ARC = NO;
				CLANG_WARN_OBJCPP_ARC_ABI = YES;
				COPY_PHASE_STRIP = NO;
				GCC_C_LANGUAGE_STANDARD = gnu99;
				GCC_DYNAMIC_NO_PIC = NO;
				GCC_ENABLE_OBJC_EXCEPTIONS = YES;
				GCC_ENABLE_OBJC_GC = supported;
				GCC_OPTIMIZATION_LEVEL = 0;
				GCC_PREPROCESSOR_DEFINITIONS = (
					"DEBUG=1",
					"$(inherited)",
				);
				GCC_SYMBOLS_PRIVATE_EXTERN = NO;
				GCC_VERSION = com.apple.compilers.llvm.clang.1_0;
				GCC_WARN_64_TO_32_BIT_CONVERSION = YES;
				GCC_WARN_ABOUT_RETURN_TYPE = YES;
				GCC_WARN_UNINITIALIZED_AUTOS = YES;
				GCC_WARN_UNUSED_VARIABLE = YES;
				MACOSX_DEPLOYMENT_TARGET = 10.7;
				ONLY_ACTIVE_ARCH = YES;
				SDKROOT = macosx;
			};
			name = Debug;
		};
		943FCE4A1526C31D00A3EEE4 /* Release */ = {
			isa = XCBuildConfiguration;
			buildSettings = {
				ALWAYS_SEARCH_USER_PATHS = NO;
				ARCHS = "$(ARCHS_STANDARD_64_BIT)";
				CLANG_ENABLE_OBJC_ARC = NO;
				CLANG_WARN_OBJCPP_ARC_ABI = YES;
				COPY_PHASE_STRIP = YES;
				DEBUG_INFORMATION_FORMAT = "dwarf-with-dsym";
				GCC_C_LANGUAGE_STANDARD = gnu99;
				GCC_ENABLE_OBJC_EXCEPTIONS = YES;
				GCC_ENABLE_OBJC_GC = supported;
				GCC_VERSION = com.apple.compilers.llvm.clang.1_0;
				GCC_WARN_64_TO_32_BIT_CONVERSION = YES;
				GCC_WARN_ABOUT_RETURN_TYPE = YES;
				GCC_WARN_UNINITIALIZED_AUTOS = YES;
				GCC_WARN_UNUSED_VARIABLE = YES;
				MACOSX_DEPLOYMENT_TARGET = 10.7;
				SDKROOT = macosx;
			};
			name = Release;
		};
		943FCE4C1526C31D00A3EEE4 /* Debug */ = {
			isa = XCBuildConfiguration;
			buildSettings = {
				CLANG_ENABLE_OBJC_ARC = NO;
				CLANG_WARN_OBJCPP_ARC_ABI = YES;
				CURRENT_PROJECT_VERSION = 1.0;
				DEPLOYMENT_LOCATION = YES;
				DEPLOYMENT_POSTPROCESSING = YES;
				DSTROOT = "$(HOME)";
				FRAMEWORK_SEARCH_PATHS = (
					"$(inherited)",
					"\"$(SYSTEM_APPS_DIR)/Xcode.app/Contents/SharedFrameworks\"",
				);
				GCC_ENABLE_OBJC_GC = supported;
				GCC_MODEL_TUNING = G5;
				GCC_PRECOMPILE_PREFIX_HEADER = YES;
				GCC_PREFIX_HEADER = "VIXcode/VIXcode-Prefix.pch";
				INFOPLIST_FILE = "VIXcode/VIXcode-Info.plist";
				INSTALL_PATH = "/Library/Application Support/Developer/Shared/Xcode/Plug-ins";
				LD_RUNPATH_SEARCH_PATHS = "";
				ONLY_ACTIVE_ARCH = NO;
				PRODUCT_NAME = "$(TARGET_NAME)";
				WRAPPER_EXTENSION = xcplugin;
			};
			name = Debug;
		};
		943FCE4D1526C31D00A3EEE4 /* Release */ = {
			isa = XCBuildConfiguration;
			buildSettings = {
				CLANG_ENABLE_OBJC_ARC = NO;
				CLANG_WARN_OBJCPP_ARC_ABI = YES;
				COPY_PHASE_STRIP = NO;
				CURRENT_PROJECT_VERSION = 1.0;
				DEPLOYMENT_LOCATION = YES;
				DEPLOYMENT_POSTPROCESSING = YES;
				DSTROOT = "$(HOME)";
				FRAMEWORK_SEARCH_PATHS = (
					"$(inherited)",
					"\"$(SYSTEM_APPS_DIR)/Xcode.app/Contents/SharedFrameworks\"",
				);
				GCC_ENABLE_OBJC_GC = supported;
				GCC_MODEL_TUNING = G5;
				GCC_PRECOMPILE_PREFIX_HEADER = YES;
				GCC_PREFIX_HEADER = "VIXcode/VIXcode-Prefix.pch";
				INFOPLIST_FILE = "VIXcode/VIXcode-Info.plist";
				INSTALL_PATH = "/Library/Application Support/Developer/Shared/Xcode/Plug-ins";
				LD_RUNPATH_SEARCH_PATHS = "";
				PRODUCT_NAME = "$(TARGET_NAME)";
				WRAPPER_EXTENSION = xcplugin;
			};
			name = Release;
		};
		94A071491537FEC500187644 /* Debug */ = {
			isa = XCBuildConfiguration;
			buildSettings = {
				DYLIB_COMPATIBILITY_VERSION = 1;
				DYLIB_CURRENT_VERSION = 1;
				FRAMEWORK_VERSION = A;
				GCC_PRECOMPILE_PREFIX_HEADER = YES;
				GCC_PREFIX_HEADER = "VIKit/VIKit-Prefix.pch";
				INFOPLIST_FILE = "VIKit/VIKit-Info.plist";
				PRODUCT_NAME = "$(TARGET_NAME)";
				WRAPPER_EXTENSION = framework;
			};
			name = Debug;
		};
		94A0714A1537FEC500187644 /* Release */ = {
			isa = XCBuildConfiguration;
			buildSettings = {
				DYLIB_COMPATIBILITY_VERSION = 1;
				DYLIB_CURRENT_VERSION = 1;
				FRAMEWORK_VERSION = A;
				GCC_PRECOMPILE_PREFIX_HEADER = YES;
				GCC_PREFIX_HEADER = "VIKit/VIKit-Prefix.pch";
				INFOPLIST_FILE = "VIKit/VIKit-Info.plist";
				PRODUCT_NAME = "$(TARGET_NAME)";
				WRAPPER_EXTENSION = framework;
			};
			name = Release;
		};
		94A071671537FEE100187644 /* Debug */ = {
			isa = XCBuildConfiguration;
			buildSettings = {
				FRAMEWORK_SEARCH_PATHS = (
					"$(inherited)",
					"\"$(SRCROOT)/Build/VIXcode/Build/Products/Debug\"",
				);
				GCC_PRECOMPILE_PREFIX_HEADER = YES;
				GCC_PREFIX_HEADER = "VITextView/VITextView-Prefix.pch";
				INFOPLIST_FILE = "VITextView/VITextView-Info.plist";
				PRODUCT_NAME = "$(TARGET_NAME)";
				WRAPPER_EXTENSION = app;
			};
			name = Debug;
		};
		94A071681537FEE100187644 /* Release */ = {
			isa = XCBuildConfiguration;
			buildSettings = {
				FRAMEWORK_SEARCH_PATHS = (
					"$(inherited)",
					"\"$(SRCROOT)/Build/VIXcode/Build/Products/Debug\"",
				);
				GCC_PRECOMPILE_PREFIX_HEADER = YES;
				GCC_PREFIX_HEADER = "VITextView/VITextView-Prefix.pch";
				INFOPLIST_FILE = "VITextView/VITextView-Info.plist";
				PRODUCT_NAME = "$(TARGET_NAME)";
				WRAPPER_EXTENSION = app;
			};
			name = Release;
		};
/* End XCBuildConfiguration section */

/* Begin XCConfigurationList section */
		943FCE331526C31C00A3EEE4 /* Build configuration list for PBXProject "VIXcode" */ = {
			isa = XCConfigurationList;
			buildConfigurations = (
				943FCE491526C31D00A3EEE4 /* Debug */,
				943FCE4A1526C31D00A3EEE4 /* Release */,
			);
			defaultConfigurationIsVisible = 0;
			defaultConfigurationName = Release;
		};
		943FCE4B1526C31D00A3EEE4 /* Build configuration list for PBXNativeTarget "VIXcode" */ = {
			isa = XCConfigurationList;
			buildConfigurations = (
				943FCE4C1526C31D00A3EEE4 /* Debug */,
				943FCE4D1526C31D00A3EEE4 /* Release */,
			);
			defaultConfigurationIsVisible = 0;
			defaultConfigurationName = Release;
		};
		94A0714B1537FEC500187644 /* Build configuration list for PBXNativeTarget "VIKit" */ = {
			isa = XCConfigurationList;
			buildConfigurations = (
				94A071491537FEC500187644 /* Debug */,
				94A0714A1537FEC500187644 /* Release */,
			);
			defaultConfigurationIsVisible = 0;
			defaultConfigurationName = Release;
		};
		94A071661537FEE100187644 /* Build configuration list for PBXNativeTarget "VITextView" */ = {
			isa = XCConfigurationList;
			buildConfigurations = (
				94A071671537FEE100187644 /* Debug */,
				94A071681537FEE100187644 /* Release */,
			);
			defaultConfigurationIsVisible = 0;
			defaultConfigurationName = Release;
		};
/* End XCConfigurationList section */
	};
	rootObject = 943FCE301526C31C00A3EEE4 /* Project object */;
}
